Microsoft Visual Studio Solution File, Format Version 12.00
# Visual Studio Version 17
VisualStudioVersion = 17.13.35931.197
MinimumVisualStudioVersion = 10.0.40219.1
Project("{8BC9CEB8-8B4A-11D0-8D11-00A0C91BC942}") = "Converter", "Converter\Converter.vcxproj", "{ED602E5D-031C-4AF8-B6A6-4B34E0073B27}"
EndProject
Project("{2150E333-8FDC-42A3-9474-1A3956D46DE8}") = "Libs", "Libs", "{02EA681E-C7D8-13C7-8484-4AC65E1B71E8}"
EndProject
Project("{8BC9CEB8-8B4A-11D0-8D11-00A0C91BC942}") = "File", "Libs\File\File.vcxproj", "{211D7BFF-9B21-40F0-801F-9B125B5ADAC8}"
EndProject
Project("{8BC9CEB8-8B4A-11D0-8D11-00A0C91BC942}") = "ProtoBuf", "Libs\ProtoBuf\ProtoBuf.vcxproj", "{E05CD5A7-56A9-4CFC-8D9C-FF1D5E3E207F}"
EndProject
Project("{8BC9CEB8-8B4A-11D0-8D11-00A0C91BC942}") = "Framework_items", "Shared\Framework_items\Framework_items.vcxitems", "{02EF1AB9-BCB9-44ED-85FA-15C9CF1B72D9}"
EndProject
Project("{8BC9CEB8-8B4A-11D0-8D11-00A0C91BC942}") = "Math", "Libs\Math\Math.vcxproj", "{D7D06599-0296-4D33-A65A-74AA813CB753}"
EndProject
Project("{8BC9CEB8-8B4A-11D0-8D11-00A0C91BC942}") = "PugiXml", "Libs\PugiXml\PugiXml.vcxproj", "{25A95E85-CD91-4ADB-A65F-226398D3AF81}"
EndProject
Project("{8BC9CEB8-8B4A-11D0-8D11-00A0C91BC942}") = "GLTF_items", "Shared\GLTF_items\GLTF_items.vcxitems", "{A3EA3C04-01D9-47B7-9E8F-E88F05AA57B7}"
EndProject
Project("{8BC9CEB8-8B4A-11D0-8D11-00A0C91BC942}") = "ProtoBuf_pb_items", "Shared\ProtoBuf_pb_items\ProtoBuf_pb_items.vcxitems", "{BF29AED6-5F5C-4AE1-A4DC-767B5EAEE755}"
EndProject
Project("{8BC9CEB8-8B4A-11D0-8D11-00A0C91BC942}") = "ProtoBuf_lib_items", "Shared\ProtoBuf_lib_items\ProtoBuf_lib_items.vcxitems", "{8A87816D-275A-4F54-8D98-3C660CB103C1}"
EndProject
Global
	GlobalSection(SolutionConfigurationPlatforms) = preSolution
		Debug|x64 = Debug|x64
		Release|x64 = Release|x64
	EndGlobalSection
	GlobalSection(ProjectConfigurationPlatforms) = postSolution
		{ED602E5D-031C-4AF8-B6A6-4B34E0073B27}.Debug|x64.ActiveCfg = Debug|x64
		{ED602E5D-031C-4AF8-B6A6-4B34E0073B27}.Debug|x64.Build.0 = Debug|x64
		{ED602E5D-031C-4AF8-B6A6-4B34E0073B27}.Release|x64.ActiveCfg = Release|x64
		{ED602E5D-031C-4AF8-B6A6-4B34E0073B27}.Release|x64.Build.0 = Release|x64
		{211D7BFF-9B21-40F0-801F-9B125B5ADAC8}.Debug|x64.ActiveCfg = Debug|x64
		{211D7BFF-9B21-40F0-801F-9B125B5ADAC8}.Debug|x64.Build.0 = Debug|x64
		{211D7BFF-9B21-40F0-801F-9B125B5ADAC8}.Release|x64.ActiveCfg = Release|x64
		{211D7BFF-9B21-40F0-801F-9B125B5ADAC8}.Release|x64.Build.0 = Release|x64
		{E05CD5A7-56A9-4CFC-8D9C-FF1D5E3E207F}.Debug|x64.ActiveCfg = Debug|x64
		{E05CD5A7-56A9-4CFC-8D9C-FF1D5E3E207F}.Debug|x64.Build.0 = Debug|x64
		{E05CD5A7-56A9-4CFC-8D9C-FF1D5E3E207F}.Release|x64.ActiveCfg = Release|x64
		{E05CD5A7-56A9-4CFC-8D9C-FF1D5E3E207F}.Release|x64.Build.0 = Release|x64
		{D7D06599-0296-4D33-A65A-74AA813CB753}.Debug|x64.ActiveCfg = Debug|x64
		{D7D06599-0296-4D33-A65A-74AA813CB753}.Debug|x64.Build.0 = Debug|x64
		{D7D06599-0296-4D33-A65A-74AA813CB753}.Release|x64.ActiveCfg = Release|x64
		{D7D06599-0296-4D33-A65A-74AA813CB753}.Release|x64.Build.0 = Release|x64
		{25A95E85-CD91-4ADB-A65F-226398D3AF81}.Debug|x64.ActiveCfg = Debug|x64
		{25A95E85-CD91-4ADB-A65F-226398D3AF81}.Debug|x64.Build.0 = Debug|x64
		{25A95E85-CD91-4ADB-A65F-226398D3AF81}.Release|x64.ActiveCfg = Release|x64
		{25A95E85-CD91-4ADB-A65F-226398D3AF81}.Release|x64.Build.0 = Release|x64
	EndGlobalSection
	GlobalSection(SolutionProperties) = preSolution
		HideSolutionNode = FALSE
	EndGlobalSection
	GlobalSection(NestedProjects) = preSolution
		{211D7BFF-9B21-40F0-801F-9B125B5ADAC8} = {02EA681E-C7D8-13C7-8484-4AC65E1B71E8}
		{E05CD5A7-56A9-4CFC-8D9C-FF1D5E3E207F} = {02EA681E-C7D8-13C7-8484-4AC65E1B71E8}
		{D7D06599-0296-4D33-A65A-74AA813CB753} = {02EA681E-C7D8-13C7-8484-4AC65E1B71E8}
		{25A95E85-CD91-4ADB-A65F-226398D3AF81} = {02EA681E-C7D8-13C7-8484-4AC65E1B71E8}
	EndGlobalSection
	GlobalSection(ExtensibilityGlobals) = postSolution
		SolutionGuid = {A18132BF-D083-4A31-B707-FA512844857C}
	EndGlobalSection
	GlobalSection(SharedMSBuildProjectFiles) = preSolution
		Shared\Framework_items\Framework_items.vcxitems*{02ef1ab9-bcb9-44ed-85fa-15c9cf1b72d9}*SharedItemsImports = 9
		Shared\Framework_items\Framework_items.vcxitems*{211d7bff-9b21-40f0-801f-9b125b5adac8}*SharedItemsImports = 4
		Shared\Framework_items\Framework_items.vcxitems*{25a95e85-cd91-4adb-a65f-226398d3af81}*SharedItemsImports = 4
		Shared\ProtoBuf_lib_items\ProtoBuf_lib_items.vcxitems*{8a87816d-275a-4f54-8d98-3c660cb103c1}*SharedItemsImports = 9
		Shared\GLTF_items\GLTF_items.vcxitems*{a3ea3c04-01d9-47b7-9e8f-e88f05aa57b7}*SharedItemsImports = 9
		Shared\ProtoBuf_pb_items\ProtoBuf_pb_items.vcxitems*{bf29aed6-5f5c-4ae1-a4dc-767b5eaee755}*SharedItemsImports = 9
		Shared\Framework_items\Framework_items.vcxitems*{d7d06599-0296-4d33-a65a-74aa813cb753}*SharedItemsImports = 4
		Shared\Framework_items\Framework_items.vcxitems*{e05cd5a7-56a9-4cfc-8d9c-ff1d5e3e207f}*SharedItemsImports = 4
		Shared\ProtoBuf_lib_items\ProtoBuf_lib_items.vcxitems*{e05cd5a7-56a9-4cfc-8d9c-ff1d5e3e207f}*SharedItemsImports = 4
		Shared\ProtoBuf_pb_items\ProtoBuf_pb_items.vcxitems*{e05cd5a7-56a9-4cfc-8d9c-ff1d5e3e207f}*SharedItemsImports = 4
		Shared\Framework_items\Framework_items.vcxitems*{ed602e5d-031c-4af8-b6a6-4b34e0073b27}*SharedItemsImports = 4
		Shared\GLTF_items\GLTF_items.vcxitems*{ed602e5d-031c-4af8-b6a6-4b34e0073b27}*SharedItemsImports = 4
		Shared\ProtoBuf_lib_items\ProtoBuf_lib_items.vcxitems*{ed602e5d-031c-4af8-b6a6-4b34e0073b27}*SharedItemsImports = 4
		Shared\ProtoBuf_pb_items\ProtoBuf_pb_items.vcxitems*{ed602e5d-031c-4af8-b6a6-4b34e0073b27}*SharedItemsImports = 4
	EndGlobalSection
EndGlobal
