<?xml version="1.0" encoding="utf-8"?>
<Project ToolsVersion="4.0" xmlns="http://schemas.microsoft.com/developer/msbuild/2003">
  <ItemGroup>
    <Filter Include="absl">
      <UniqueIdentifier>{67F0937C-5327-950D-FC13-7B10E829110F}</UniqueIdentifier>
    </Filter>
    <Filter Include="absl\algorithm">
      <UniqueIdentifier>{7DAA4FB3-6978-43B9-520C-B4DF3E791F1E}</UniqueIdentifier>
    </Filter>
    <Filter Include="absl\base">
      <UniqueIdentifier>{7131571A-DD9B-0B91-26DA-BC369283E9E5}</UniqueIdentifier>
    </Filter>
    <Filter Include="absl\base\internal">
      <UniqueIdentifier>{DD0202EE-C9E6-C243-3247-BD961E4AADC5}</UniqueIdentifier>
    </Filter>
    <Filter Include="absl\cleanup">
      <UniqueIdentifier>{5EDEB80F-4A41-48B4-F3C6-806ADF081437}</UniqueIdentifier>
    </Filter>
    <Filter Include="absl\cleanup\internal">
      <UniqueIdentifier>{6A8ACD57-D6F6-8852-9FEA-20B00B16ABBA}</UniqueIdentifier>
    </Filter>
    <Filter Include="absl\container">
      <UniqueIdentifier>{19C55B86-0593-4F8C-EE26-C0B2DA932BF1}</UniqueIdentifier>
    </Filter>
    <Filter Include="absl\container\internal">
      <UniqueIdentifier>{8533CBD6-F16A-136E-FA74-7791662B3A67}</UniqueIdentifier>
    </Filter>
    <Filter Include="absl\crc">
      <UniqueIdentifier>{EE456F8C-DA12-CA97-032C-B83FEF57FF25}</UniqueIdentifier>
    </Filter>
    <Filter Include="absl\crc\internal">
      <UniqueIdentifier>{FA739907-668A-979D-AF01-23BF1B576825}</UniqueIdentifier>
    </Filter>
    <Filter Include="absl\debugging">
      <UniqueIdentifier>{029B4B27-EE68-3F2D-D7FC-AF53C3691B92}</UniqueIdentifier>
    </Filter>
    <Filter Include="absl\debugging\internal">
      <UniqueIdentifier>{8EBFF86C-FAF6-4004-0301-A5276FB767FD}</UniqueIdentifier>
    </Filter>
    <Filter Include="absl\flags">
      <UniqueIdentifier>{E37D8B65-CF35-CDB2-383D-A60E241468A3}</UniqueIdentifier>
    </Filter>
    <Filter Include="absl\flags\internal">
      <UniqueIdentifier>{8F6F8003-FBD0-5D11-843E-A4C3F09E94D0}</UniqueIdentifier>
    </Filter>
    <Filter Include="absl\functional">
      <UniqueIdentifier>{A96D9328-15F9-00ED-1E0A-84E18A145DED}</UniqueIdentifier>
    </Filter>
    <Filter Include="absl\functional\internal">
      <UniqueIdentifier>{157E111C-01A3-609C-2AEE-452C16725FBA}</UniqueIdentifier>
    </Filter>
    <Filter Include="absl\hash">
      <UniqueIdentifier>{BA7B5A1A-26E6-0E91-6F24-C036DBCDECE5}</UniqueIdentifier>
    </Filter>
    <Filter Include="absl\hash\internal">
      <UniqueIdentifier>{46EF5BD6-32D3-1C2C-9B33-177F873607AE}</UniqueIdentifier>
    </Filter>
    <Filter Include="absl\log">
      <UniqueIdentifier>{D86B6F8C-C438-CA97-ED51-B83FD97DFF25}</UniqueIdentifier>
    </Filter>
    <Filter Include="absl\log\internal">
      <UniqueIdentifier>{24E13B40-90F7-39D6-D96E-C5F745C40A5E}</UniqueIdentifier>
    </Filter>
    <Filter Include="absl\memory">
      <UniqueIdentifier>{0F62D726-7B17-501C-040C-4AF370C04620}</UniqueIdentifier>
    </Filter>
    <Filter Include="absl\meta">
      <UniqueIdentifier>{BD4A5D1A-29B5-1191-72F3-C236DE9CEFE5}</UniqueIdentifier>
    </Filter>
    <Filter Include="absl\numeric">
      <UniqueIdentifier>{49ED0A74-3550-9A18-DED5-D2CECA17669B}</UniqueIdentifier>
    </Filter>
    <Filter Include="absl\numeric\internal">
      <UniqueIdentifier>{B5910202-21FE-BDFC-EAF1-555A561DE064}</UniqueIdentifier>
    </Filter>
    <Filter Include="absl\profiling">
      <UniqueIdentifier>{C0595762-AC27-4B68-95BB-BB8E812827CD}</UniqueIdentifier>
    </Filter>
    <Filter Include="absl\profiling\internal">
      <UniqueIdentifier>{0CF4F11B-782B-3AB3-8135-9ED6EDEB60AC}</UniqueIdentifier>
    </Filter>
    <Filter Include="absl\random">
      <UniqueIdentifier>{57283932-C3DD-B127-4CD2-ABFEB886A82B}</UniqueIdentifier>
    </Filter>
    <Filter Include="absl\random\internal">
      <UniqueIdentifier>{831CF73B-6FAB-8005-18CA-9400043891AB}</UniqueIdentifier>
    </Filter>
    <Filter Include="absl\status">
      <UniqueIdentifier>{7A46DF35-E6FB-572B-6FF0-5102DBA44E2F}</UniqueIdentifier>
    </Filter>
    <Filter Include="absl\status\internal">
      <UniqueIdentifier>{06D2D084-F260-5A4E-9B7F-6E4987ED6AF4}</UniqueIdentifier>
    </Filter>
    <Filter Include="absl\strings">
      <UniqueIdentifier>{408FF5F2-2CF2-8497-D577-BD4DC1B9501A}</UniqueIdentifier>
    </Filter>
    <Filter Include="absl\strings\internal">
      <UniqueIdentifier>{8C59A473-F8C5-5F6E-C1B9-F7CB2DE581D6}</UniqueIdentifier>
    </Filter>
    <Filter Include="absl\strings\internal\str_format">
      <UniqueIdentifier>{FCFE0D97-E84F-F9D8-11B4-E79AFD638C42}</UniqueIdentifier>
    </Filter>
    <Filter Include="absl\synchronization">
      <UniqueIdentifier>{C84436F4-B4D3-BFBD-5DF2-D3B84960D063}</UniqueIdentifier>
    </Filter>
    <Filter Include="absl\synchronization\internal">
      <UniqueIdentifier>{14C81D7B-80E0-04A5-498D-943EB564993E}</UniqueIdentifier>
    </Filter>
    <Filter Include="absl\time">
      <UniqueIdentifier>{8531611A-F19B-1591-3ADA-C636A683F3E5}</UniqueIdentifier>
    </Filter>
    <Filter Include="absl\time\internal">
      <UniqueIdentifier>{71591FEA-5D3D-E03F-C69D-DA92B2A0CAC1}</UniqueIdentifier>
    </Filter>
    <Filter Include="absl\time\internal\cctz">
      <UniqueIdentifier>{D465C0BB-409D-0853-49A7-6C76B55D2F4C}</UniqueIdentifier>
    </Filter>
    <Filter Include="absl\time\internal\cctz\include">
      <UniqueIdentifier>{4721F005-B304-FF45-BC07-2D82286AC596}</UniqueIdentifier>
    </Filter>
    <Filter Include="absl\time\internal\cctz\include\cctz">
      <UniqueIdentifier>{6A8355DF-566A-17D7-FFBA-7DF4EB80903D}</UniqueIdentifier>
    </Filter>
    <Filter Include="absl\time\internal\cctz\src">
      <UniqueIdentifier>{EBED82CE-57FB-B0B4-E0E1-AC9F4CEE7C6B}</UniqueIdentifier>
    </Filter>
    <Filter Include="absl\types">
      <UniqueIdentifier>{6B359066-57ED-D1B3-C0F4-AA0FACCB6CA4}</UniqueIdentifier>
    </Filter>
    <Filter Include="absl\types\internal">
      <UniqueIdentifier>{1720601C-8381-3D2A-0CEF-83DC784F74E9}</UniqueIdentifier>
    </Filter>
    <Filter Include="absl\utility">
      <UniqueIdentifier>{CABD488C-B620-D830-5FA6-10E74BE8A3B3}</UniqueIdentifier>
    </Filter>
    <Filter Include="google">
      <UniqueIdentifier>{02A03900-EE41-64D6-D7FC-772AC33DEB26}</UniqueIdentifier>
    </Filter>
    <Filter Include="google\protobuf">
      <UniqueIdentifier>{82F89505-EE83-03CA-F794-86BE639F5FCA}</UniqueIdentifier>
    </Filter>
    <Filter Include="google\protobuf\compiler">
      <UniqueIdentifier>{4C86618E-38AB-B00E-61F6-959E4D7AAF2C}</UniqueIdentifier>
    </Filter>
    <Filter Include="google\protobuf\compiler\cpp">
      <UniqueIdentifier>{1E462F55-0A01-1F01-B3B8-974B9F526991}</UniqueIdentifier>
    </Filter>
    <Filter Include="google\protobuf\compiler\cpp\field_generators">
      <UniqueIdentifier>{2A6AC1FA-96DA-C373-5FF9-3DFCCB28FC74}</UniqueIdentifier>
    </Filter>
    <Filter Include="google\protobuf\compiler\cpp\tools">
      <UniqueIdentifier>{3E397324-2A75-768E-9387-8E857FE21EA9}</UniqueIdentifier>
    </Filter>
    <Filter Include="google\protobuf\io">
      <UniqueIdentifier>{2917BB21-15FB-7B77-7E5B-76CA6A5E66F9}</UniqueIdentifier>
    </Filter>
    <Filter Include="google\protobuf\stubs">
      <UniqueIdentifier>{42E44719-AE50-0314-7744-9B71E36F257C}</UniqueIdentifier>
    </Filter>
    <Filter Include="google\protobuf\util">
      <UniqueIdentifier>{2F3DE47C-1BCC-6D46-C4EA-8141B0587EEC}</UniqueIdentifier>
    </Filter>
    <Filter Include="utf8_range">
      <UniqueIdentifier>{3893BDB5-244B-FF02-8D52-D85E79299AF3}</UniqueIdentifier>
    </Filter>
  </ItemGroup>
  <ItemGroup>
    <ClInclude Include="$(MSBuildThisFileDirectory)ProtoBuf.h" />
    <ClInclude Include="$(MSBuildThisFileDirectory)absl\algorithm\algorithm.h">
      <Filter>absl\algorithm</Filter>
    </ClInclude>
    <ClInclude Include="$(MSBuildThisFileDirectory)absl\algorithm\container.h">
      <Filter>absl\algorithm</Filter>
    </ClInclude>
    <ClInclude Include="$(MSBuildThisFileDirectory)absl\base\Framework.h">
      <Filter>absl\base</Filter>
    </ClInclude>
    <ClInclude Include="$(MSBuildThisFileDirectory)absl\base\attributes.h">
      <Filter>absl\base</Filter>
    </ClInclude>
    <ClInclude Include="$(MSBuildThisFileDirectory)absl\base\call_once.h">
      <Filter>absl\base</Filter>
    </ClInclude>
    <ClInclude Include="$(MSBuildThisFileDirectory)absl\base\casts.h">
      <Filter>absl\base</Filter>
    </ClInclude>
    <ClInclude Include="$(MSBuildThisFileDirectory)absl\base\config.h">
      <Filter>absl\base</Filter>
    </ClInclude>
    <ClInclude Include="$(MSBuildThisFileDirectory)absl\base\const_init.h">
      <Filter>absl\base</Filter>
    </ClInclude>
    <ClInclude Include="$(MSBuildThisFileDirectory)absl\base\dynamic_annotations.h">
      <Filter>absl\base</Filter>
    </ClInclude>
    <ClInclude Include="$(MSBuildThisFileDirectory)absl\base\fast_type_id.h">
      <Filter>absl\base</Filter>
    </ClInclude>
    <ClInclude Include="$(MSBuildThisFileDirectory)absl\base\internal\atomic_hook.h">
      <Filter>absl\base\internal</Filter>
    </ClInclude>
    <ClInclude Include="$(MSBuildThisFileDirectory)absl\base\internal\atomic_hook_test_helper.h">
      <Filter>absl\base\internal</Filter>
    </ClInclude>
    <ClInclude Include="$(MSBuildThisFileDirectory)absl\base\internal\cycleclock.h">
      <Filter>absl\base\internal</Filter>
    </ClInclude>
    <ClInclude Include="$(MSBuildThisFileDirectory)absl\base\internal\cycleclock_config.h">
      <Filter>absl\base\internal</Filter>
    </ClInclude>
    <ClInclude Include="$(MSBuildThisFileDirectory)absl\base\internal\direct_mmap.h">
      <Filter>absl\base\internal</Filter>
    </ClInclude>
    <ClInclude Include="$(MSBuildThisFileDirectory)absl\base\internal\dynamic_annotations.h">
      <Filter>absl\base\internal</Filter>
    </ClInclude>
    <ClInclude Include="$(MSBuildThisFileDirectory)absl\base\internal\endian.h">
      <Filter>absl\base\internal</Filter>
    </ClInclude>
    <ClInclude Include="$(MSBuildThisFileDirectory)absl\base\internal\errno_saver.h">
      <Filter>absl\base\internal</Filter>
    </ClInclude>
    <ClInclude Include="$(MSBuildThisFileDirectory)absl\base\internal\exception_safety_testing.h">
      <Filter>absl\base\internal</Filter>
    </ClInclude>
    <ClInclude Include="$(MSBuildThisFileDirectory)absl\base\internal\exception_testing.h">
      <Filter>absl\base\internal</Filter>
    </ClInclude>
    <ClInclude Include="$(MSBuildThisFileDirectory)absl\base\internal\hide_ptr.h">
      <Filter>absl\base\internal</Filter>
    </ClInclude>
    <ClInclude Include="$(MSBuildThisFileDirectory)absl\base\internal\identity.h">
      <Filter>absl\base\internal</Filter>
    </ClInclude>
    <ClInclude Include="$(MSBuildThisFileDirectory)absl\base\internal\iterator_traits.h">
      <Filter>absl\base\internal</Filter>
    </ClInclude>
    <ClInclude Include="$(MSBuildThisFileDirectory)absl\base\internal\iterator_traits_test_helper.h">
      <Filter>absl\base\internal</Filter>
    </ClInclude>
    <ClInclude Include="$(MSBuildThisFileDirectory)absl\base\internal\low_level_alloc.h">
      <Filter>absl\base\internal</Filter>
    </ClInclude>
    <ClInclude Include="$(MSBuildThisFileDirectory)absl\base\internal\low_level_scheduling.h">
      <Filter>absl\base\internal</Filter>
    </ClInclude>
    <ClInclude Include="$(MSBuildThisFileDirectory)absl\base\internal\per_thread_tls.h">
      <Filter>absl\base\internal</Filter>
    </ClInclude>
    <ClInclude Include="$(MSBuildThisFileDirectory)absl\base\internal\poison.h">
      <Filter>absl\base\internal</Filter>
    </ClInclude>
    <ClInclude Include="$(MSBuildThisFileDirectory)absl\base\internal\pretty_function.h">
      <Filter>absl\base\internal</Filter>
    </ClInclude>
    <ClInclude Include="$(MSBuildThisFileDirectory)absl\base\internal\raw_logging.h">
      <Filter>absl\base\internal</Filter>
    </ClInclude>
    <ClInclude Include="$(MSBuildThisFileDirectory)absl\base\internal\scheduling_mode.h">
      <Filter>absl\base\internal</Filter>
    </ClInclude>
    <ClInclude Include="$(MSBuildThisFileDirectory)absl\base\internal\scoped_set_env.h">
      <Filter>absl\base\internal</Filter>
    </ClInclude>
    <ClInclude Include="$(MSBuildThisFileDirectory)absl\base\internal\spinlock.h">
      <Filter>absl\base\internal</Filter>
    </ClInclude>
    <ClInclude Include="$(MSBuildThisFileDirectory)absl\base\internal\spinlock_wait.h">
      <Filter>absl\base\internal</Filter>
    </ClInclude>
    <ClInclude Include="$(MSBuildThisFileDirectory)absl\base\internal\strerror.h">
      <Filter>absl\base\internal</Filter>
    </ClInclude>
    <ClInclude Include="$(MSBuildThisFileDirectory)absl\base\internal\sysinfo.h">
      <Filter>absl\base\internal</Filter>
    </ClInclude>
    <ClInclude Include="$(MSBuildThisFileDirectory)absl\base\internal\thread_identity.h">
      <Filter>absl\base\internal</Filter>
    </ClInclude>
    <ClInclude Include="$(MSBuildThisFileDirectory)absl\base\internal\throw_delegate.h">
      <Filter>absl\base\internal</Filter>
    </ClInclude>
    <ClInclude Include="$(MSBuildThisFileDirectory)absl\base\internal\tracing.h">
      <Filter>absl\base\internal</Filter>
    </ClInclude>
    <ClInclude Include="$(MSBuildThisFileDirectory)absl\base\internal\tsan_mutex_interface.h">
      <Filter>absl\base\internal</Filter>
    </ClInclude>
    <ClInclude Include="$(MSBuildThisFileDirectory)absl\base\internal\unaligned_access.h">
      <Filter>absl\base\internal</Filter>
    </ClInclude>
    <ClInclude Include="$(MSBuildThisFileDirectory)absl\base\internal\unscaledcycleclock.h">
      <Filter>absl\base\internal</Filter>
    </ClInclude>
    <ClInclude Include="$(MSBuildThisFileDirectory)absl\base\internal\unscaledcycleclock_config.h">
      <Filter>absl\base\internal</Filter>
    </ClInclude>
    <ClInclude Include="$(MSBuildThisFileDirectory)absl\base\log_severity.h">
      <Filter>absl\base</Filter>
    </ClInclude>
    <ClInclude Include="$(MSBuildThisFileDirectory)absl\base\macros.h">
      <Filter>absl\base</Filter>
    </ClInclude>
    <ClInclude Include="$(MSBuildThisFileDirectory)absl\base\no_destructor.h">
      <Filter>absl\base</Filter>
    </ClInclude>
    <ClInclude Include="$(MSBuildThisFileDirectory)absl\base\nullability.h">
      <Filter>absl\base</Filter>
    </ClInclude>
    <ClInclude Include="$(MSBuildThisFileDirectory)absl\base\optimization.h">
      <Filter>absl\base</Filter>
    </ClInclude>
    <ClInclude Include="$(MSBuildThisFileDirectory)absl\base\options.h">
      <Filter>absl\base</Filter>
    </ClInclude>
    <ClInclude Include="$(MSBuildThisFileDirectory)absl\base\policy_checks.h">
      <Filter>absl\base</Filter>
    </ClInclude>
    <ClInclude Include="$(MSBuildThisFileDirectory)absl\base\port.h">
      <Filter>absl\base</Filter>
    </ClInclude>
    <ClInclude Include="$(MSBuildThisFileDirectory)absl\base\prefetch.h">
      <Filter>absl\base</Filter>
    </ClInclude>
    <ClInclude Include="$(MSBuildThisFileDirectory)absl\base\thread_annotations.h">
      <Filter>absl\base</Filter>
    </ClInclude>
    <ClInclude Include="$(MSBuildThisFileDirectory)absl\cleanup\cleanup.h">
      <Filter>absl\cleanup</Filter>
    </ClInclude>
    <ClInclude Include="$(MSBuildThisFileDirectory)absl\cleanup\internal\cleanup.h">
      <Filter>absl\cleanup\internal</Filter>
    </ClInclude>
    <ClInclude Include="$(MSBuildThisFileDirectory)absl\container\btree_map.h">
      <Filter>absl\container</Filter>
    </ClInclude>
    <ClInclude Include="$(MSBuildThisFileDirectory)absl\container\btree_set.h">
      <Filter>absl\container</Filter>
    </ClInclude>
    <ClInclude Include="$(MSBuildThisFileDirectory)absl\container\btree_test.h">
      <Filter>absl\container</Filter>
    </ClInclude>
    <ClInclude Include="$(MSBuildThisFileDirectory)absl\container\fixed_array.h">
      <Filter>absl\container</Filter>
    </ClInclude>
    <ClInclude Include="$(MSBuildThisFileDirectory)absl\container\flat_hash_map.h">
      <Filter>absl\container</Filter>
    </ClInclude>
    <ClInclude Include="$(MSBuildThisFileDirectory)absl\container\flat_hash_set.h">
      <Filter>absl\container</Filter>
    </ClInclude>
    <ClInclude Include="$(MSBuildThisFileDirectory)absl\container\hash_container_defaults.h">
      <Filter>absl\container</Filter>
    </ClInclude>
    <ClInclude Include="$(MSBuildThisFileDirectory)absl\container\inlined_vector.h">
      <Filter>absl\container</Filter>
    </ClInclude>
    <ClInclude Include="$(MSBuildThisFileDirectory)absl\container\internal\btree.h">
      <Filter>absl\container\internal</Filter>
    </ClInclude>
    <ClInclude Include="$(MSBuildThisFileDirectory)absl\container\internal\btree_container.h">
      <Filter>absl\container\internal</Filter>
    </ClInclude>
    <ClInclude Include="$(MSBuildThisFileDirectory)absl\container\internal\common.h">
      <Filter>absl\container\internal</Filter>
    </ClInclude>
    <ClInclude Include="$(MSBuildThisFileDirectory)absl\container\internal\common_policy_traits.h">
      <Filter>absl\container\internal</Filter>
    </ClInclude>
    <ClInclude Include="$(MSBuildThisFileDirectory)absl\container\internal\compressed_tuple.h">
      <Filter>absl\container\internal</Filter>
    </ClInclude>
    <ClInclude Include="$(MSBuildThisFileDirectory)absl\container\internal\container_memory.h">
      <Filter>absl\container\internal</Filter>
    </ClInclude>
    <ClInclude Include="$(MSBuildThisFileDirectory)absl\container\internal\hash_function_defaults.h">
      <Filter>absl\container\internal</Filter>
    </ClInclude>
    <ClInclude Include="$(MSBuildThisFileDirectory)absl\container\internal\hash_generator_testing.h">
      <Filter>absl\container\internal</Filter>
    </ClInclude>
    <ClInclude Include="$(MSBuildThisFileDirectory)absl\container\internal\hash_policy_testing.h">
      <Filter>absl\container\internal</Filter>
    </ClInclude>
    <ClInclude Include="$(MSBuildThisFileDirectory)absl\container\internal\hash_policy_traits.h">
      <Filter>absl\container\internal</Filter>
    </ClInclude>
    <ClInclude Include="$(MSBuildThisFileDirectory)absl\container\internal\hashtable_control_bytes.h">
      <Filter>absl\container\internal</Filter>
    </ClInclude>
    <ClInclude Include="$(MSBuildThisFileDirectory)absl\container\internal\hashtable_debug.h">
      <Filter>absl\container\internal</Filter>
    </ClInclude>
    <ClInclude Include="$(MSBuildThisFileDirectory)absl\container\internal\hashtable_debug_hooks.h">
      <Filter>absl\container\internal</Filter>
    </ClInclude>
    <ClInclude Include="$(MSBuildThisFileDirectory)absl\container\internal\hashtablez_sampler.h">
      <Filter>absl\container\internal</Filter>
    </ClInclude>
    <ClInclude Include="$(MSBuildThisFileDirectory)absl\container\internal\inlined_vector.h">
      <Filter>absl\container\internal</Filter>
    </ClInclude>
    <ClInclude Include="$(MSBuildThisFileDirectory)absl\container\internal\layout.h">
      <Filter>absl\container\internal</Filter>
    </ClInclude>
    <ClInclude Include="$(MSBuildThisFileDirectory)absl\container\internal\node_slot_policy.h">
      <Filter>absl\container\internal</Filter>
    </ClInclude>
    <ClInclude Include="$(MSBuildThisFileDirectory)absl\container\internal\raw_hash_map.h">
      <Filter>absl\container\internal</Filter>
    </ClInclude>
    <ClInclude Include="$(MSBuildThisFileDirectory)absl\container\internal\raw_hash_set.h">
      <Filter>absl\container\internal</Filter>
    </ClInclude>
    <ClInclude Include="$(MSBuildThisFileDirectory)absl\container\internal\test_allocator.h">
      <Filter>absl\container\internal</Filter>
    </ClInclude>
    <ClInclude Include="$(MSBuildThisFileDirectory)absl\container\internal\test_instance_tracker.h">
      <Filter>absl\container\internal</Filter>
    </ClInclude>
    <ClInclude Include="$(MSBuildThisFileDirectory)absl\container\internal\tracked.h">
      <Filter>absl\container\internal</Filter>
    </ClInclude>
    <ClInclude Include="$(MSBuildThisFileDirectory)absl\container\internal\unordered_map_constructor_test.h">
      <Filter>absl\container\internal</Filter>
    </ClInclude>
    <ClInclude Include="$(MSBuildThisFileDirectory)absl\container\internal\unordered_map_lookup_test.h">
      <Filter>absl\container\internal</Filter>
    </ClInclude>
    <ClInclude Include="$(MSBuildThisFileDirectory)absl\container\internal\unordered_map_members_test.h">
      <Filter>absl\container\internal</Filter>
    </ClInclude>
    <ClInclude Include="$(MSBuildThisFileDirectory)absl\container\internal\unordered_map_modifiers_test.h">
      <Filter>absl\container\internal</Filter>
    </ClInclude>
    <ClInclude Include="$(MSBuildThisFileDirectory)absl\container\internal\unordered_set_constructor_test.h">
      <Filter>absl\container\internal</Filter>
    </ClInclude>
    <ClInclude Include="$(MSBuildThisFileDirectory)absl\container\internal\unordered_set_lookup_test.h">
      <Filter>absl\container\internal</Filter>
    </ClInclude>
    <ClInclude Include="$(MSBuildThisFileDirectory)absl\container\internal\unordered_set_members_test.h">
      <Filter>absl\container\internal</Filter>
    </ClInclude>
    <ClInclude Include="$(MSBuildThisFileDirectory)absl\container\internal\unordered_set_modifiers_test.h">
      <Filter>absl\container\internal</Filter>
    </ClInclude>
    <ClInclude Include="$(MSBuildThisFileDirectory)absl\container\node_hash_map.h">
      <Filter>absl\container</Filter>
    </ClInclude>
    <ClInclude Include="$(MSBuildThisFileDirectory)absl\container\node_hash_set.h">
      <Filter>absl\container</Filter>
    </ClInclude>
    <ClInclude Include="$(MSBuildThisFileDirectory)absl\crc\crc32c.h">
      <Filter>absl\crc</Filter>
    </ClInclude>
    <ClInclude Include="$(MSBuildThisFileDirectory)absl\crc\internal\cpu_detect.h">
      <Filter>absl\crc\internal</Filter>
    </ClInclude>
    <ClInclude Include="$(MSBuildThisFileDirectory)absl\crc\internal\crc.h">
      <Filter>absl\crc\internal</Filter>
    </ClInclude>
    <ClInclude Include="$(MSBuildThisFileDirectory)absl\crc\internal\crc32_x86_arm_combined_simd.h">
      <Filter>absl\crc\internal</Filter>
    </ClInclude>
    <ClInclude Include="$(MSBuildThisFileDirectory)absl\crc\internal\crc32c.h">
      <Filter>absl\crc\internal</Filter>
    </ClInclude>
    <ClInclude Include="$(MSBuildThisFileDirectory)absl\crc\internal\crc32c_inline.h">
      <Filter>absl\crc\internal</Filter>
    </ClInclude>
    <ClInclude Include="$(MSBuildThisFileDirectory)absl\crc\internal\crc_cord_state.h">
      <Filter>absl\crc\internal</Filter>
    </ClInclude>
    <ClInclude Include="$(MSBuildThisFileDirectory)absl\crc\internal\crc_internal.h">
      <Filter>absl\crc\internal</Filter>
    </ClInclude>
    <ClInclude Include="$(MSBuildThisFileDirectory)absl\crc\internal\crc_memcpy.h">
      <Filter>absl\crc\internal</Filter>
    </ClInclude>
    <ClInclude Include="$(MSBuildThisFileDirectory)absl\crc\internal\non_temporal_arm_intrinsics.h">
      <Filter>absl\crc\internal</Filter>
    </ClInclude>
    <ClInclude Include="$(MSBuildThisFileDirectory)absl\crc\internal\non_temporal_memcpy.h">
      <Filter>absl\crc\internal</Filter>
    </ClInclude>
    <ClInclude Include="$(MSBuildThisFileDirectory)absl\debugging\failure_signal_handler.h">
      <Filter>absl\debugging</Filter>
    </ClInclude>
    <ClInclude Include="$(MSBuildThisFileDirectory)absl\debugging\internal\address_is_readable.h">
      <Filter>absl\debugging\internal</Filter>
    </ClInclude>
    <ClInclude Include="$(MSBuildThisFileDirectory)absl\debugging\internal\addresses.h">
      <Filter>absl\debugging\internal</Filter>
    </ClInclude>
    <ClInclude Include="$(MSBuildThisFileDirectory)absl\debugging\internal\bounded_utf8_length_sequence.h">
      <Filter>absl\debugging\internal</Filter>
    </ClInclude>
    <ClInclude Include="$(MSBuildThisFileDirectory)absl\debugging\internal\decode_rust_punycode.h">
      <Filter>absl\debugging\internal</Filter>
    </ClInclude>
    <ClInclude Include="$(MSBuildThisFileDirectory)absl\debugging\internal\demangle.h">
      <Filter>absl\debugging\internal</Filter>
    </ClInclude>
    <ClInclude Include="$(MSBuildThisFileDirectory)absl\debugging\internal\demangle_rust.h">
      <Filter>absl\debugging\internal</Filter>
    </ClInclude>
    <ClInclude Include="$(MSBuildThisFileDirectory)absl\debugging\internal\elf_mem_image.h">
      <Filter>absl\debugging\internal</Filter>
    </ClInclude>
    <ClInclude Include="$(MSBuildThisFileDirectory)absl\debugging\internal\examine_stack.h">
      <Filter>absl\debugging\internal</Filter>
    </ClInclude>
    <ClInclude Include="$(MSBuildThisFileDirectory)absl\debugging\internal\stack_consumption.h">
      <Filter>absl\debugging\internal</Filter>
    </ClInclude>
    <ClInclude Include="$(MSBuildThisFileDirectory)absl\debugging\internal\stacktrace_config.h">
      <Filter>absl\debugging\internal</Filter>
    </ClInclude>
    <ClInclude Include="$(MSBuildThisFileDirectory)absl\debugging\internal\symbolize.h">
      <Filter>absl\debugging\internal</Filter>
    </ClInclude>
    <ClInclude Include="$(MSBuildThisFileDirectory)absl\debugging\internal\utf8_for_code_point.h">
      <Filter>absl\debugging\internal</Filter>
    </ClInclude>
    <ClInclude Include="$(MSBuildThisFileDirectory)absl\debugging\internal\vdso_support.h">
      <Filter>absl\debugging\internal</Filter>
    </ClInclude>
    <ClInclude Include="$(MSBuildThisFileDirectory)absl\debugging\leak_check.h">
      <Filter>absl\debugging</Filter>
    </ClInclude>
    <ClInclude Include="$(MSBuildThisFileDirectory)absl\debugging\stacktrace.h">
      <Filter>absl\debugging</Filter>
    </ClInclude>
    <ClInclude Include="$(MSBuildThisFileDirectory)absl\debugging\symbolize.h">
      <Filter>absl\debugging</Filter>
    </ClInclude>
    <ClInclude Include="$(MSBuildThisFileDirectory)absl\flags\commandlineflag.h">
      <Filter>absl\flags</Filter>
    </ClInclude>
    <ClInclude Include="$(MSBuildThisFileDirectory)absl\flags\config.h">
      <Filter>absl\flags</Filter>
    </ClInclude>
    <ClInclude Include="$(MSBuildThisFileDirectory)absl\flags\declare.h">
      <Filter>absl\flags</Filter>
    </ClInclude>
    <ClInclude Include="$(MSBuildThisFileDirectory)absl\flags\flag.h">
      <Filter>absl\flags</Filter>
    </ClInclude>
    <ClInclude Include="$(MSBuildThisFileDirectory)absl\flags\internal\commandlineflag.h">
      <Filter>absl\flags\internal</Filter>
    </ClInclude>
    <ClInclude Include="$(MSBuildThisFileDirectory)absl\flags\internal\flag.h">
      <Filter>absl\flags\internal</Filter>
    </ClInclude>
    <ClInclude Include="$(MSBuildThisFileDirectory)absl\flags\internal\parse.h">
      <Filter>absl\flags\internal</Filter>
    </ClInclude>
    <ClInclude Include="$(MSBuildThisFileDirectory)absl\flags\internal\path_util.h">
      <Filter>absl\flags\internal</Filter>
    </ClInclude>
    <ClInclude Include="$(MSBuildThisFileDirectory)absl\flags\internal\private_handle_accessor.h">
      <Filter>absl\flags\internal</Filter>
    </ClInclude>
    <ClInclude Include="$(MSBuildThisFileDirectory)absl\flags\internal\program_name.h">
      <Filter>absl\flags\internal</Filter>
    </ClInclude>
    <ClInclude Include="$(MSBuildThisFileDirectory)absl\flags\internal\registry.h">
      <Filter>absl\flags\internal</Filter>
    </ClInclude>
    <ClInclude Include="$(MSBuildThisFileDirectory)absl\flags\internal\sequence_lock.h">
      <Filter>absl\flags\internal</Filter>
    </ClInclude>
    <ClInclude Include="$(MSBuildThisFileDirectory)absl\flags\internal\usage.h">
      <Filter>absl\flags\internal</Filter>
    </ClInclude>
    <ClInclude Include="$(MSBuildThisFileDirectory)absl\flags\marshalling.h">
      <Filter>absl\flags</Filter>
    </ClInclude>
    <ClInclude Include="$(MSBuildThisFileDirectory)absl\flags\parse.h">
      <Filter>absl\flags</Filter>
    </ClInclude>
    <ClInclude Include="$(MSBuildThisFileDirectory)absl\flags\reflection.h">
      <Filter>absl\flags</Filter>
    </ClInclude>
    <ClInclude Include="$(MSBuildThisFileDirectory)absl\flags\usage.h">
      <Filter>absl\flags</Filter>
    </ClInclude>
    <ClInclude Include="$(MSBuildThisFileDirectory)absl\flags\usage_config.h">
      <Filter>absl\flags</Filter>
    </ClInclude>
    <ClInclude Include="$(MSBuildThisFileDirectory)absl\functional\any_invocable.h">
      <Filter>absl\functional</Filter>
    </ClInclude>
    <ClInclude Include="$(MSBuildThisFileDirectory)absl\functional\bind_front.h">
      <Filter>absl\functional</Filter>
    </ClInclude>
    <ClInclude Include="$(MSBuildThisFileDirectory)absl\functional\function_ref.h">
      <Filter>absl\functional</Filter>
    </ClInclude>
    <ClInclude Include="$(MSBuildThisFileDirectory)absl\functional\internal\any_invocable.h">
      <Filter>absl\functional\internal</Filter>
    </ClInclude>
    <ClInclude Include="$(MSBuildThisFileDirectory)absl\functional\internal\front_binder.h">
      <Filter>absl\functional\internal</Filter>
    </ClInclude>
    <ClInclude Include="$(MSBuildThisFileDirectory)absl\functional\internal\function_ref.h">
      <Filter>absl\functional\internal</Filter>
    </ClInclude>
    <ClInclude Include="$(MSBuildThisFileDirectory)absl\functional\overload.h">
      <Filter>absl\functional</Filter>
    </ClInclude>
    <ClInclude Include="$(MSBuildThisFileDirectory)absl\hash\hash.h">
      <Filter>absl\hash</Filter>
    </ClInclude>
    <ClInclude Include="$(MSBuildThisFileDirectory)absl\hash\hash_testing.h">
      <Filter>absl\hash</Filter>
    </ClInclude>
    <ClInclude Include="$(MSBuildThisFileDirectory)absl\hash\internal\city.h">
      <Filter>absl\hash\internal</Filter>
    </ClInclude>
    <ClInclude Include="$(MSBuildThisFileDirectory)absl\hash\internal\hash.h">
      <Filter>absl\hash\internal</Filter>
    </ClInclude>
    <ClInclude Include="$(MSBuildThisFileDirectory)absl\hash\internal\hash_test.h">
      <Filter>absl\hash\internal</Filter>
    </ClInclude>
    <ClInclude Include="$(MSBuildThisFileDirectory)absl\hash\internal\spy_hash_state.h">
      <Filter>absl\hash\internal</Filter>
    </ClInclude>
    <ClInclude Include="$(MSBuildThisFileDirectory)absl\hash\internal\weakly_mixed_integer.h">
      <Filter>absl\hash\internal</Filter>
    </ClInclude>
    <ClInclude Include="$(MSBuildThisFileDirectory)absl\log\absl_check.h">
      <Filter>absl\log</Filter>
    </ClInclude>
    <ClInclude Include="$(MSBuildThisFileDirectory)absl\log\absl_log.h">
      <Filter>absl\log</Filter>
    </ClInclude>
    <ClInclude Include="$(MSBuildThisFileDirectory)absl\log\absl_vlog_is_on.h">
      <Filter>absl\log</Filter>
    </ClInclude>
    <ClInclude Include="$(MSBuildThisFileDirectory)absl\log\check.h">
      <Filter>absl\log</Filter>
    </ClInclude>
    <ClInclude Include="$(MSBuildThisFileDirectory)absl\log\die_if_null.h">
      <Filter>absl\log</Filter>
    </ClInclude>
    <ClInclude Include="$(MSBuildThisFileDirectory)absl\log\flags.h">
      <Filter>absl\log</Filter>
    </ClInclude>
    <ClInclude Include="$(MSBuildThisFileDirectory)absl\log\globals.h">
      <Filter>absl\log</Filter>
    </ClInclude>
    <ClInclude Include="$(MSBuildThisFileDirectory)absl\log\initialize.h">
      <Filter>absl\log</Filter>
    </ClInclude>
    <ClInclude Include="$(MSBuildThisFileDirectory)absl\log\internal\append_truncated.h">
      <Filter>absl\log\internal</Filter>
    </ClInclude>
    <ClInclude Include="$(MSBuildThisFileDirectory)absl\log\internal\check_impl.h">
      <Filter>absl\log\internal</Filter>
    </ClInclude>
    <ClInclude Include="$(MSBuildThisFileDirectory)absl\log\internal\check_op.h">
      <Filter>absl\log\internal</Filter>
    </ClInclude>
    <ClInclude Include="$(MSBuildThisFileDirectory)absl\log\internal\conditions.h">
      <Filter>absl\log\internal</Filter>
    </ClInclude>
    <ClInclude Include="$(MSBuildThisFileDirectory)absl\log\internal\config.h">
      <Filter>absl\log\internal</Filter>
    </ClInclude>
    <ClInclude Include="$(MSBuildThisFileDirectory)absl\log\internal\flags.h">
      <Filter>absl\log\internal</Filter>
    </ClInclude>
    <ClInclude Include="$(MSBuildThisFileDirectory)absl\log\internal\fnmatch.h">
      <Filter>absl\log\internal</Filter>
    </ClInclude>
    <ClInclude Include="$(MSBuildThisFileDirectory)absl\log\internal\globals.h">
      <Filter>absl\log\internal</Filter>
    </ClInclude>
    <ClInclude Include="$(MSBuildThisFileDirectory)absl\log\internal\log_format.h">
      <Filter>absl\log\internal</Filter>
    </ClInclude>
    <ClInclude Include="$(MSBuildThisFileDirectory)absl\log\internal\log_impl.h">
      <Filter>absl\log\internal</Filter>
    </ClInclude>
    <ClInclude Include="$(MSBuildThisFileDirectory)absl\log\internal\log_message.h">
      <Filter>absl\log\internal</Filter>
    </ClInclude>
    <ClInclude Include="$(MSBuildThisFileDirectory)absl\log\internal\log_sink_set.h">
      <Filter>absl\log\internal</Filter>
    </ClInclude>
    <ClInclude Include="$(MSBuildThisFileDirectory)absl\log\internal\nullguard.h">
      <Filter>absl\log\internal</Filter>
    </ClInclude>
    <ClInclude Include="$(MSBuildThisFileDirectory)absl\log\internal\nullstream.h">
      <Filter>absl\log\internal</Filter>
    </ClInclude>
    <ClInclude Include="$(MSBuildThisFileDirectory)absl\log\internal\proto.h">
      <Filter>absl\log\internal</Filter>
    </ClInclude>
    <ClInclude Include="$(MSBuildThisFileDirectory)absl\log\internal\strip.h">
      <Filter>absl\log\internal</Filter>
    </ClInclude>
    <ClInclude Include="$(MSBuildThisFileDirectory)absl\log\internal\structured.h">
      <Filter>absl\log\internal</Filter>
    </ClInclude>
    <ClInclude Include="$(MSBuildThisFileDirectory)absl\log\internal\structured_proto.h">
      <Filter>absl\log\internal</Filter>
    </ClInclude>
    <ClInclude Include="$(MSBuildThisFileDirectory)absl\log\internal\test_actions.h">
      <Filter>absl\log\internal</Filter>
    </ClInclude>
    <ClInclude Include="$(MSBuildThisFileDirectory)absl\log\internal\test_helpers.h">
      <Filter>absl\log\internal</Filter>
    </ClInclude>
    <ClInclude Include="$(MSBuildThisFileDirectory)absl\log\internal\test_matchers.h">
      <Filter>absl\log\internal</Filter>
    </ClInclude>
    <ClInclude Include="$(MSBuildThisFileDirectory)absl\log\internal\vlog_config.h">
      <Filter>absl\log\internal</Filter>
    </ClInclude>
    <ClInclude Include="$(MSBuildThisFileDirectory)absl\log\internal\voidify.h">
      <Filter>absl\log\internal</Filter>
    </ClInclude>
    <ClInclude Include="$(MSBuildThisFileDirectory)absl\log\log.h">
      <Filter>absl\log</Filter>
    </ClInclude>
    <ClInclude Include="$(MSBuildThisFileDirectory)absl\log\log_entry.h">
      <Filter>absl\log</Filter>
    </ClInclude>
    <ClInclude Include="$(MSBuildThisFileDirectory)absl\log\log_sink.h">
      <Filter>absl\log</Filter>
    </ClInclude>
    <ClInclude Include="$(MSBuildThisFileDirectory)absl\log\log_sink_registry.h">
      <Filter>absl\log</Filter>
    </ClInclude>
    <ClInclude Include="$(MSBuildThisFileDirectory)absl\log\log_streamer.h">
      <Filter>absl\log</Filter>
    </ClInclude>
    <ClInclude Include="$(MSBuildThisFileDirectory)absl\log\scoped_mock_log.h">
      <Filter>absl\log</Filter>
    </ClInclude>
    <ClInclude Include="$(MSBuildThisFileDirectory)absl\log\structured.h">
      <Filter>absl\log</Filter>
    </ClInclude>
    <ClInclude Include="$(MSBuildThisFileDirectory)absl\log\vlog_is_on.h">
      <Filter>absl\log</Filter>
    </ClInclude>
    <ClInclude Include="$(MSBuildThisFileDirectory)absl\memory\memory.h">
      <Filter>absl\memory</Filter>
    </ClInclude>
    <ClInclude Include="$(MSBuildThisFileDirectory)absl\meta\type_traits.h">
      <Filter>absl\meta</Filter>
    </ClInclude>
    <ClInclude Include="$(MSBuildThisFileDirectory)absl\numeric\bits.h">
      <Filter>absl\numeric</Filter>
    </ClInclude>
    <ClInclude Include="$(MSBuildThisFileDirectory)absl\numeric\int128.h">
      <Filter>absl\numeric</Filter>
    </ClInclude>
    <ClInclude Include="$(MSBuildThisFileDirectory)absl\numeric\internal\bits.h">
      <Filter>absl\numeric\internal</Filter>
    </ClInclude>
    <ClInclude Include="$(MSBuildThisFileDirectory)absl\numeric\internal\representation.h">
      <Filter>absl\numeric\internal</Filter>
    </ClInclude>
    <ClInclude Include="$(MSBuildThisFileDirectory)absl\profiling\hashtable.h">
      <Filter>absl\profiling</Filter>
    </ClInclude>
    <ClInclude Include="$(MSBuildThisFileDirectory)absl\profiling\internal\exponential_biased.h">
      <Filter>absl\profiling\internal</Filter>
    </ClInclude>
    <ClInclude Include="$(MSBuildThisFileDirectory)absl\profiling\internal\periodic_sampler.h">
      <Filter>absl\profiling\internal</Filter>
    </ClInclude>
    <ClInclude Include="$(MSBuildThisFileDirectory)absl\profiling\internal\profile_builder.h">
      <Filter>absl\profiling\internal</Filter>
    </ClInclude>
    <ClInclude Include="$(MSBuildThisFileDirectory)absl\profiling\internal\sample_recorder.h">
      <Filter>absl\profiling\internal</Filter>
    </ClInclude>
    <ClInclude Include="$(MSBuildThisFileDirectory)absl\random\bernoulli_distribution.h">
      <Filter>absl\random</Filter>
    </ClInclude>
    <ClInclude Include="$(MSBuildThisFileDirectory)absl\random\beta_distribution.h">
      <Filter>absl\random</Filter>
    </ClInclude>
    <ClInclude Include="$(MSBuildThisFileDirectory)absl\random\bit_gen_ref.h">
      <Filter>absl\random</Filter>
    </ClInclude>
    <ClInclude Include="$(MSBuildThisFileDirectory)absl\random\discrete_distribution.h">
      <Filter>absl\random</Filter>
    </ClInclude>
    <ClInclude Include="$(MSBuildThisFileDirectory)absl\random\distributions.h">
      <Filter>absl\random</Filter>
    </ClInclude>
    <ClInclude Include="$(MSBuildThisFileDirectory)absl\random\exponential_distribution.h">
      <Filter>absl\random</Filter>
    </ClInclude>
    <ClInclude Include="$(MSBuildThisFileDirectory)absl\random\gaussian_distribution.h">
      <Filter>absl\random</Filter>
    </ClInclude>
    <ClInclude Include="$(MSBuildThisFileDirectory)absl\random\internal\chi_square.h">
      <Filter>absl\random\internal</Filter>
    </ClInclude>
    <ClInclude Include="$(MSBuildThisFileDirectory)absl\random\internal\distribution_caller.h">
      <Filter>absl\random\internal</Filter>
    </ClInclude>
    <ClInclude Include="$(MSBuildThisFileDirectory)absl\random\internal\distribution_test_util.h">
      <Filter>absl\random\internal</Filter>
    </ClInclude>
    <ClInclude Include="$(MSBuildThisFileDirectory)absl\random\internal\explicit_seed_seq.h">
      <Filter>absl\random\internal</Filter>
    </ClInclude>
    <ClInclude Include="$(MSBuildThisFileDirectory)absl\random\internal\fast_uniform_bits.h">
      <Filter>absl\random\internal</Filter>
    </ClInclude>
    <ClInclude Include="$(MSBuildThisFileDirectory)absl\random\internal\fastmath.h">
      <Filter>absl\random\internal</Filter>
    </ClInclude>
    <ClInclude Include="$(MSBuildThisFileDirectory)absl\random\internal\generate_real.h">
      <Filter>absl\random\internal</Filter>
    </ClInclude>
    <ClInclude Include="$(MSBuildThisFileDirectory)absl\random\internal\iostream_state_saver.h">
      <Filter>absl\random\internal</Filter>
    </ClInclude>
    <ClInclude Include="$(MSBuildThisFileDirectory)absl\random\internal\mock_helpers.h">
      <Filter>absl\random\internal</Filter>
    </ClInclude>
    <ClInclude Include="$(MSBuildThisFileDirectory)absl\random\internal\mock_overload_set.h">
      <Filter>absl\random\internal</Filter>
    </ClInclude>
    <ClInclude Include="$(MSBuildThisFileDirectory)absl\random\internal\mock_validators.h">
      <Filter>absl\random\internal</Filter>
    </ClInclude>
    <ClInclude Include="$(MSBuildThisFileDirectory)absl\random\internal\nanobenchmark.h">
      <Filter>absl\random\internal</Filter>
    </ClInclude>
    <ClInclude Include="$(MSBuildThisFileDirectory)absl\random\internal\nonsecure_base.h">
      <Filter>absl\random\internal</Filter>
    </ClInclude>
    <ClInclude Include="$(MSBuildThisFileDirectory)absl\random\internal\pcg_engine.h">
      <Filter>absl\random\internal</Filter>
    </ClInclude>
    <ClInclude Include="$(MSBuildThisFileDirectory)absl\random\internal\platform.h">
      <Filter>absl\random\internal</Filter>
    </ClInclude>
    <ClInclude Include="$(MSBuildThisFileDirectory)absl\random\internal\randen.h">
      <Filter>absl\random\internal</Filter>
    </ClInclude>
    <ClInclude Include="$(MSBuildThisFileDirectory)absl\random\internal\randen_detect.h">
      <Filter>absl\random\internal</Filter>
    </ClInclude>
    <ClInclude Include="$(MSBuildThisFileDirectory)absl\random\internal\randen_engine.h">
      <Filter>absl\random\internal</Filter>
    </ClInclude>
    <ClInclude Include="$(MSBuildThisFileDirectory)absl\random\internal\randen_hwaes.h">
      <Filter>absl\random\internal</Filter>
    </ClInclude>
    <ClInclude Include="$(MSBuildThisFileDirectory)absl\random\internal\randen_slow.h">
      <Filter>absl\random\internal</Filter>
    </ClInclude>
    <ClInclude Include="$(MSBuildThisFileDirectory)absl\random\internal\randen_traits.h">
      <Filter>absl\random\internal</Filter>
    </ClInclude>
    <ClInclude Include="$(MSBuildThisFileDirectory)absl\random\internal\salted_seed_seq.h">
      <Filter>absl\random\internal</Filter>
    </ClInclude>
    <ClInclude Include="$(MSBuildThisFileDirectory)absl\random\internal\seed_material.h">
      <Filter>absl\random\internal</Filter>
    </ClInclude>
    <ClInclude Include="$(MSBuildThisFileDirectory)absl\random\internal\sequence_urbg.h">
      <Filter>absl\random\internal</Filter>
    </ClInclude>
    <ClInclude Include="$(MSBuildThisFileDirectory)absl\random\internal\traits.h">
      <Filter>absl\random\internal</Filter>
    </ClInclude>
    <ClInclude Include="$(MSBuildThisFileDirectory)absl\random\internal\uniform_helper.h">
      <Filter>absl\random\internal</Filter>
    </ClInclude>
    <ClInclude Include="$(MSBuildThisFileDirectory)absl\random\internal\wide_multiply.h">
      <Filter>absl\random\internal</Filter>
    </ClInclude>
    <ClInclude Include="$(MSBuildThisFileDirectory)absl\random\log_uniform_int_distribution.h">
      <Filter>absl\random</Filter>
    </ClInclude>
    <ClInclude Include="$(MSBuildThisFileDirectory)absl\random\mock_distributions.h">
      <Filter>absl\random</Filter>
    </ClInclude>
    <ClInclude Include="$(MSBuildThisFileDirectory)absl\random\mocking_bit_gen.h">
      <Filter>absl\random</Filter>
    </ClInclude>
    <ClInclude Include="$(MSBuildThisFileDirectory)absl\random\poisson_distribution.h">
      <Filter>absl\random</Filter>
    </ClInclude>
    <ClInclude Include="$(MSBuildThisFileDirectory)absl\random\random.h">
      <Filter>absl\random</Filter>
    </ClInclude>
    <ClInclude Include="$(MSBuildThisFileDirectory)absl\random\seed_gen_exception.h">
      <Filter>absl\random</Filter>
    </ClInclude>
    <ClInclude Include="$(MSBuildThisFileDirectory)absl\random\seed_sequences.h">
      <Filter>absl\random</Filter>
    </ClInclude>
    <ClInclude Include="$(MSBuildThisFileDirectory)absl\random\uniform_int_distribution.h">
      <Filter>absl\random</Filter>
    </ClInclude>
    <ClInclude Include="$(MSBuildThisFileDirectory)absl\random\uniform_real_distribution.h">
      <Filter>absl\random</Filter>
    </ClInclude>
    <ClInclude Include="$(MSBuildThisFileDirectory)absl\random\zipf_distribution.h">
      <Filter>absl\random</Filter>
    </ClInclude>
    <ClInclude Include="$(MSBuildThisFileDirectory)absl\status\internal\status_internal.h">
      <Filter>absl\status\internal</Filter>
    </ClInclude>
    <ClInclude Include="$(MSBuildThisFileDirectory)absl\status\internal\status_matchers.h">
      <Filter>absl\status\internal</Filter>
    </ClInclude>
    <ClInclude Include="$(MSBuildThisFileDirectory)absl\status\internal\statusor_internal.h">
      <Filter>absl\status\internal</Filter>
    </ClInclude>
    <ClInclude Include="$(MSBuildThisFileDirectory)absl\status\status.h">
      <Filter>absl\status</Filter>
    </ClInclude>
    <ClInclude Include="$(MSBuildThisFileDirectory)absl\status\status_matchers.h">
      <Filter>absl\status</Filter>
    </ClInclude>
    <ClInclude Include="$(MSBuildThisFileDirectory)absl\status\status_payload_printer.h">
      <Filter>absl\status</Filter>
    </ClInclude>
    <ClInclude Include="$(MSBuildThisFileDirectory)absl\status\statusor.h">
      <Filter>absl\status</Filter>
    </ClInclude>
    <ClInclude Include="$(MSBuildThisFileDirectory)absl\strings\ascii.h">
      <Filter>absl\strings</Filter>
    </ClInclude>
    <ClInclude Include="$(MSBuildThisFileDirectory)absl\strings\charconv.h">
      <Filter>absl\strings</Filter>
    </ClInclude>
    <ClInclude Include="$(MSBuildThisFileDirectory)absl\strings\charset.h">
      <Filter>absl\strings</Filter>
    </ClInclude>
    <ClInclude Include="$(MSBuildThisFileDirectory)absl\strings\cord.h">
      <Filter>absl\strings</Filter>
    </ClInclude>
    <ClInclude Include="$(MSBuildThisFileDirectory)absl\strings\cord_analysis.h">
      <Filter>absl\strings</Filter>
    </ClInclude>
    <ClInclude Include="$(MSBuildThisFileDirectory)absl\strings\cord_buffer.h">
      <Filter>absl\strings</Filter>
    </ClInclude>
    <ClInclude Include="$(MSBuildThisFileDirectory)absl\strings\cord_test_helpers.h">
      <Filter>absl\strings</Filter>
    </ClInclude>
    <ClInclude Include="$(MSBuildThisFileDirectory)absl\strings\cordz_test_helpers.h">
      <Filter>absl\strings</Filter>
    </ClInclude>
    <ClInclude Include="$(MSBuildThisFileDirectory)absl\strings\escaping.h">
      <Filter>absl\strings</Filter>
    </ClInclude>
    <ClInclude Include="$(MSBuildThisFileDirectory)absl\strings\has_absl_stringify.h">
      <Filter>absl\strings</Filter>
    </ClInclude>
    <ClInclude Include="$(MSBuildThisFileDirectory)absl\strings\has_ostream_operator.h">
      <Filter>absl\strings</Filter>
    </ClInclude>
    <ClInclude Include="$(MSBuildThisFileDirectory)absl\strings\internal\charconv_bigint.h">
      <Filter>absl\strings\internal</Filter>
    </ClInclude>
    <ClInclude Include="$(MSBuildThisFileDirectory)absl\strings\internal\charconv_parse.h">
      <Filter>absl\strings\internal</Filter>
    </ClInclude>
    <ClInclude Include="$(MSBuildThisFileDirectory)absl\strings\internal\cord_data_edge.h">
      <Filter>absl\strings\internal</Filter>
    </ClInclude>
    <ClInclude Include="$(MSBuildThisFileDirectory)absl\strings\internal\cord_internal.h">
      <Filter>absl\strings\internal</Filter>
    </ClInclude>
    <ClInclude Include="$(MSBuildThisFileDirectory)absl\strings\internal\cord_rep_btree.h">
      <Filter>absl\strings\internal</Filter>
    </ClInclude>
    <ClInclude Include="$(MSBuildThisFileDirectory)absl\strings\internal\cord_rep_btree_navigator.h">
      <Filter>absl\strings\internal</Filter>
    </ClInclude>
    <ClInclude Include="$(MSBuildThisFileDirectory)absl\strings\internal\cord_rep_btree_reader.h">
      <Filter>absl\strings\internal</Filter>
    </ClInclude>
    <ClInclude Include="$(MSBuildThisFileDirectory)absl\strings\internal\cord_rep_consume.h">
      <Filter>absl\strings\internal</Filter>
    </ClInclude>
    <ClInclude Include="$(MSBuildThisFileDirectory)absl\strings\internal\cord_rep_crc.h">
      <Filter>absl\strings\internal</Filter>
    </ClInclude>
    <ClInclude Include="$(MSBuildThisFileDirectory)absl\strings\internal\cord_rep_flat.h">
      <Filter>absl\strings\internal</Filter>
    </ClInclude>
    <ClInclude Include="$(MSBuildThisFileDirectory)absl\strings\internal\cord_rep_test_util.h">
      <Filter>absl\strings\internal</Filter>
    </ClInclude>
    <ClInclude Include="$(MSBuildThisFileDirectory)absl\strings\internal\cordz_functions.h">
      <Filter>absl\strings\internal</Filter>
    </ClInclude>
    <ClInclude Include="$(MSBuildThisFileDirectory)absl\strings\internal\cordz_handle.h">
      <Filter>absl\strings\internal</Filter>
    </ClInclude>
    <ClInclude Include="$(MSBuildThisFileDirectory)absl\strings\internal\cordz_info.h">
      <Filter>absl\strings\internal</Filter>
    </ClInclude>
    <ClInclude Include="$(MSBuildThisFileDirectory)absl\strings\internal\cordz_sample_token.h">
      <Filter>absl\strings\internal</Filter>
    </ClInclude>
    <ClInclude Include="$(MSBuildThisFileDirectory)absl\strings\internal\cordz_statistics.h">
      <Filter>absl\strings\internal</Filter>
    </ClInclude>
    <ClInclude Include="$(MSBuildThisFileDirectory)absl\strings\internal\cordz_update_scope.h">
      <Filter>absl\strings\internal</Filter>
    </ClInclude>
    <ClInclude Include="$(MSBuildThisFileDirectory)absl\strings\internal\cordz_update_tracker.h">
      <Filter>absl\strings\internal</Filter>
    </ClInclude>
    <ClInclude Include="$(MSBuildThisFileDirectory)absl\strings\internal\damerau_levenshtein_distance.h">
      <Filter>absl\strings\internal</Filter>
    </ClInclude>
    <ClInclude Include="$(MSBuildThisFileDirectory)absl\strings\internal\escaping.h">
      <Filter>absl\strings\internal</Filter>
    </ClInclude>
    <ClInclude Include="$(MSBuildThisFileDirectory)absl\strings\internal\escaping_test_common.h">
      <Filter>absl\strings\internal</Filter>
    </ClInclude>
    <ClInclude Include="$(MSBuildThisFileDirectory)absl\strings\internal\memutil.h">
      <Filter>absl\strings\internal</Filter>
    </ClInclude>
    <ClInclude Include="$(MSBuildThisFileDirectory)absl\strings\internal\numbers_test_common.h">
      <Filter>absl\strings\internal</Filter>
    </ClInclude>
    <ClInclude Include="$(MSBuildThisFileDirectory)absl\strings\internal\ostringstream.h">
      <Filter>absl\strings\internal</Filter>
    </ClInclude>
    <ClInclude Include="$(MSBuildThisFileDirectory)absl\strings\internal\pow10_helper.h">
      <Filter>absl\strings\internal</Filter>
    </ClInclude>
    <ClInclude Include="$(MSBuildThisFileDirectory)absl\strings\internal\resize_uninitialized.h">
      <Filter>absl\strings\internal</Filter>
    </ClInclude>
    <ClInclude Include="$(MSBuildThisFileDirectory)absl\strings\internal\stl_type_traits.h">
      <Filter>absl\strings\internal</Filter>
    </ClInclude>
    <ClInclude Include="$(MSBuildThisFileDirectory)absl\strings\internal\str_format\arg.h">
      <Filter>absl\strings\internal\str_format</Filter>
    </ClInclude>
    <ClInclude Include="$(MSBuildThisFileDirectory)absl\strings\internal\str_format\bind.h">
      <Filter>absl\strings\internal\str_format</Filter>
    </ClInclude>
    <ClInclude Include="$(MSBuildThisFileDirectory)absl\strings\internal\str_format\checker.h">
      <Filter>absl\strings\internal\str_format</Filter>
    </ClInclude>
    <ClInclude Include="$(MSBuildThisFileDirectory)absl\strings\internal\str_format\constexpr_parser.h">
      <Filter>absl\strings\internal\str_format</Filter>
    </ClInclude>
    <ClInclude Include="$(MSBuildThisFileDirectory)absl\strings\internal\str_format\extension.h">
      <Filter>absl\strings\internal\str_format</Filter>
    </ClInclude>
    <ClInclude Include="$(MSBuildThisFileDirectory)absl\strings\internal\str_format\float_conversion.h">
      <Filter>absl\strings\internal\str_format</Filter>
    </ClInclude>
    <ClInclude Include="$(MSBuildThisFileDirectory)absl\strings\internal\str_format\output.h">
      <Filter>absl\strings\internal\str_format</Filter>
    </ClInclude>
    <ClInclude Include="$(MSBuildThisFileDirectory)absl\strings\internal\str_format\parser.h">
      <Filter>absl\strings\internal\str_format</Filter>
    </ClInclude>
    <ClInclude Include="$(MSBuildThisFileDirectory)absl\strings\internal\str_join_internal.h">
      <Filter>absl\strings\internal</Filter>
    </ClInclude>
    <ClInclude Include="$(MSBuildThisFileDirectory)absl\strings\internal\str_split_internal.h">
      <Filter>absl\strings\internal</Filter>
    </ClInclude>
    <ClInclude Include="$(MSBuildThisFileDirectory)absl\strings\internal\string_constant.h">
      <Filter>absl\strings\internal</Filter>
    </ClInclude>
    <ClInclude Include="$(MSBuildThisFileDirectory)absl\strings\internal\stringify_sink.h">
      <Filter>absl\strings\internal</Filter>
    </ClInclude>
    <ClInclude Include="$(MSBuildThisFileDirectory)absl\strings\internal\utf8.h">
      <Filter>absl\strings\internal</Filter>
    </ClInclude>
    <ClInclude Include="$(MSBuildThisFileDirectory)absl\strings\match.h">
      <Filter>absl\strings</Filter>
    </ClInclude>
    <ClInclude Include="$(MSBuildThisFileDirectory)absl\strings\numbers.h">
      <Filter>absl\strings</Filter>
    </ClInclude>
    <ClInclude Include="$(MSBuildThisFileDirectory)absl\strings\str_cat.h">
      <Filter>absl\strings</Filter>
    </ClInclude>
    <ClInclude Include="$(MSBuildThisFileDirectory)absl\strings\str_format.h">
      <Filter>absl\strings</Filter>
    </ClInclude>
    <ClInclude Include="$(MSBuildThisFileDirectory)absl\strings\str_join.h">
      <Filter>absl\strings</Filter>
    </ClInclude>
    <ClInclude Include="$(MSBuildThisFileDirectory)absl\strings\str_replace.h">
      <Filter>absl\strings</Filter>
    </ClInclude>
    <ClInclude Include="$(MSBuildThisFileDirectory)absl\strings\str_split.h">
      <Filter>absl\strings</Filter>
    </ClInclude>
    <ClInclude Include="$(MSBuildThisFileDirectory)absl\strings\string_view.h">
      <Filter>absl\strings</Filter>
    </ClInclude>
    <ClInclude Include="$(MSBuildThisFileDirectory)absl\strings\strip.h">
      <Filter>absl\strings</Filter>
    </ClInclude>
    <ClInclude Include="$(MSBuildThisFileDirectory)absl\strings\substitute.h">
      <Filter>absl\strings</Filter>
    </ClInclude>
    <ClInclude Include="$(MSBuildThisFileDirectory)absl\synchronization\barrier.h">
      <Filter>absl\synchronization</Filter>
    </ClInclude>
    <ClInclude Include="$(MSBuildThisFileDirectory)absl\synchronization\blocking_counter.h">
      <Filter>absl\synchronization</Filter>
    </ClInclude>
    <ClInclude Include="$(MSBuildThisFileDirectory)absl\synchronization\internal\create_thread_identity.h">
      <Filter>absl\synchronization\internal</Filter>
    </ClInclude>
    <ClInclude Include="$(MSBuildThisFileDirectory)absl\synchronization\internal\futex.h">
      <Filter>absl\synchronization\internal</Filter>
    </ClInclude>
    <ClInclude Include="$(MSBuildThisFileDirectory)absl\synchronization\internal\futex_waiter.h">
      <Filter>absl\synchronization\internal</Filter>
    </ClInclude>
    <ClInclude Include="$(MSBuildThisFileDirectory)absl\synchronization\internal\graphcycles.h">
      <Filter>absl\synchronization\internal</Filter>
    </ClInclude>
    <ClInclude Include="$(MSBuildThisFileDirectory)absl\synchronization\internal\kernel_timeout.h">
      <Filter>absl\synchronization\internal</Filter>
    </ClInclude>
    <ClInclude Include="$(MSBuildThisFileDirectory)absl\synchronization\internal\per_thread_sem.h">
      <Filter>absl\synchronization\internal</Filter>
    </ClInclude>
    <ClInclude Include="$(MSBuildThisFileDirectory)absl\synchronization\internal\pthread_waiter.h">
      <Filter>absl\synchronization\internal</Filter>
    </ClInclude>
    <ClInclude Include="$(MSBuildThisFileDirectory)absl\synchronization\internal\sem_waiter.h">
      <Filter>absl\synchronization\internal</Filter>
    </ClInclude>
    <ClInclude Include="$(MSBuildThisFileDirectory)absl\synchronization\internal\stdcpp_waiter.h">
      <Filter>absl\synchronization\internal</Filter>
    </ClInclude>
    <ClInclude Include="$(MSBuildThisFileDirectory)absl\synchronization\internal\thread_pool.h">
      <Filter>absl\synchronization\internal</Filter>
    </ClInclude>
    <ClInclude Include="$(MSBuildThisFileDirectory)absl\synchronization\internal\waiter.h">
      <Filter>absl\synchronization\internal</Filter>
    </ClInclude>
    <ClInclude Include="$(MSBuildThisFileDirectory)absl\synchronization\internal\waiter_base.h">
      <Filter>absl\synchronization\internal</Filter>
    </ClInclude>
    <ClInclude Include="$(MSBuildThisFileDirectory)absl\synchronization\internal\win32_waiter.h">
      <Filter>absl\synchronization\internal</Filter>
    </ClInclude>
    <ClInclude Include="$(MSBuildThisFileDirectory)absl\synchronization\mutex.h">
      <Filter>absl\synchronization</Filter>
    </ClInclude>
    <ClInclude Include="$(MSBuildThisFileDirectory)absl\synchronization\notification.h">
      <Filter>absl\synchronization</Filter>
    </ClInclude>
    <ClInclude Include="$(MSBuildThisFileDirectory)absl\time\civil_time.h">
      <Filter>absl\time</Filter>
    </ClInclude>
    <ClInclude Include="$(MSBuildThisFileDirectory)absl\time\clock.h">
      <Filter>absl\time</Filter>
    </ClInclude>
    <ClInclude Include="$(MSBuildThisFileDirectory)absl\time\internal\cctz\include\cctz\civil_time.h">
      <Filter>absl\time\internal\cctz\include\cctz</Filter>
    </ClInclude>
    <ClInclude Include="$(MSBuildThisFileDirectory)absl\time\internal\cctz\include\cctz\civil_time_detail.h">
      <Filter>absl\time\internal\cctz\include\cctz</Filter>
    </ClInclude>
    <ClInclude Include="$(MSBuildThisFileDirectory)absl\time\internal\cctz\include\cctz\time_zone.h">
      <Filter>absl\time\internal\cctz\include\cctz</Filter>
    </ClInclude>
    <ClInclude Include="$(MSBuildThisFileDirectory)absl\time\internal\cctz\include\cctz\zone_info_source.h">
      <Filter>absl\time\internal\cctz\include\cctz</Filter>
    </ClInclude>
    <ClInclude Include="$(MSBuildThisFileDirectory)absl\time\internal\cctz\src\time_zone_fixed.h">
      <Filter>absl\time\internal\cctz\src</Filter>
    </ClInclude>
    <ClInclude Include="$(MSBuildThisFileDirectory)absl\time\internal\cctz\src\time_zone_if.h">
      <Filter>absl\time\internal\cctz\src</Filter>
    </ClInclude>
    <ClInclude Include="$(MSBuildThisFileDirectory)absl\time\internal\cctz\src\time_zone_impl.h">
      <Filter>absl\time\internal\cctz\src</Filter>
    </ClInclude>
    <ClInclude Include="$(MSBuildThisFileDirectory)absl\time\internal\cctz\src\time_zone_info.h">
      <Filter>absl\time\internal\cctz\src</Filter>
    </ClInclude>
    <ClInclude Include="$(MSBuildThisFileDirectory)absl\time\internal\cctz\src\time_zone_libc.h">
      <Filter>absl\time\internal\cctz\src</Filter>
    </ClInclude>
    <ClInclude Include="$(MSBuildThisFileDirectory)absl\time\internal\cctz\src\time_zone_posix.h">
      <Filter>absl\time\internal\cctz\src</Filter>
    </ClInclude>
    <ClInclude Include="$(MSBuildThisFileDirectory)absl\time\internal\cctz\src\tzfile.h">
      <Filter>absl\time\internal\cctz\src</Filter>
    </ClInclude>
    <ClInclude Include="$(MSBuildThisFileDirectory)absl\time\internal\test_util.h">
      <Filter>absl\time\internal</Filter>
    </ClInclude>
    <ClInclude Include="$(MSBuildThisFileDirectory)absl\time\time.h">
      <Filter>absl\time</Filter>
    </ClInclude>
    <ClInclude Include="$(MSBuildThisFileDirectory)absl\types\any.h">
      <Filter>absl\types</Filter>
    </ClInclude>
    <ClInclude Include="$(MSBuildThisFileDirectory)absl\types\compare.h">
      <Filter>absl\types</Filter>
    </ClInclude>
    <ClInclude Include="$(MSBuildThisFileDirectory)absl\types\internal\span.h">
      <Filter>absl\types\internal</Filter>
    </ClInclude>
    <ClInclude Include="$(MSBuildThisFileDirectory)absl\types\optional.h">
      <Filter>absl\types</Filter>
    </ClInclude>
    <ClInclude Include="$(MSBuildThisFileDirectory)absl\types\span.h">
      <Filter>absl\types</Filter>
    </ClInclude>
    <ClInclude Include="$(MSBuildThisFileDirectory)absl\types\variant.h">
      <Filter>absl\types</Filter>
    </ClInclude>
    <ClInclude Include="$(MSBuildThisFileDirectory)absl\utility\utility.h">
      <Filter>absl\utility</Filter>
    </ClInclude>
    <ClInclude Include="$(MSBuildThisFileDirectory)google\protobuf\any.h">
      <Filter>google\protobuf</Filter>
    </ClInclude>
    <ClInclude Include="$(MSBuildThisFileDirectory)google\protobuf\any.pb.h">
      <Filter>google\protobuf</Filter>
    </ClInclude>
    <ClInclude Include="$(MSBuildThisFileDirectory)google\protobuf\api.pb.h">
      <Filter>google\protobuf</Filter>
    </ClInclude>
    <ClInclude Include="$(MSBuildThisFileDirectory)google\protobuf\arena.h">
      <Filter>google\protobuf</Filter>
    </ClInclude>
    <ClInclude Include="$(MSBuildThisFileDirectory)google\protobuf\arena_align.h">
      <Filter>google\protobuf</Filter>
    </ClInclude>
    <ClInclude Include="$(MSBuildThisFileDirectory)google\protobuf\arena_allocation_policy.h">
      <Filter>google\protobuf</Filter>
    </ClInclude>
    <ClInclude Include="$(MSBuildThisFileDirectory)google\protobuf\arena_cleanup.h">
      <Filter>google\protobuf</Filter>
    </ClInclude>
    <ClInclude Include="$(MSBuildThisFileDirectory)google\protobuf\arena_test_util.h">
      <Filter>google\protobuf</Filter>
    </ClInclude>
    <ClInclude Include="$(MSBuildThisFileDirectory)google\protobuf\arenastring.h">
      <Filter>google\protobuf</Filter>
    </ClInclude>
    <ClInclude Include="$(MSBuildThisFileDirectory)google\protobuf\arenaz_sampler.h">
      <Filter>google\protobuf</Filter>
    </ClInclude>
    <ClInclude Include="$(MSBuildThisFileDirectory)google\protobuf\compiler\annotation_test_util.h">
      <Filter>google\protobuf\compiler</Filter>
    </ClInclude>
    <ClInclude Include="$(MSBuildThisFileDirectory)google\protobuf\compiler\code_generator.h">
      <Filter>google\protobuf\compiler</Filter>
    </ClInclude>
    <ClInclude Include="$(MSBuildThisFileDirectory)google\protobuf\compiler\code_generator_lite.h">
      <Filter>google\protobuf\compiler</Filter>
    </ClInclude>
    <ClInclude Include="$(MSBuildThisFileDirectory)google\protobuf\compiler\command_line_interface.h">
      <Filter>google\protobuf\compiler</Filter>
    </ClInclude>
    <ClInclude Include="$(MSBuildThisFileDirectory)google\protobuf\compiler\command_line_interface_tester.h">
      <Filter>google\protobuf\compiler</Filter>
    </ClInclude>
    <ClInclude Include="$(MSBuildThisFileDirectory)google\protobuf\compiler\cpp\cpp_generator.h">
      <Filter>google\protobuf\compiler\cpp</Filter>
    </ClInclude>
    <ClInclude Include="$(MSBuildThisFileDirectory)google\protobuf\compiler\cpp\enum.h">
      <Filter>google\protobuf\compiler\cpp</Filter>
    </ClInclude>
    <ClInclude Include="$(MSBuildThisFileDirectory)google\protobuf\compiler\cpp\extension.h">
      <Filter>google\protobuf\compiler\cpp</Filter>
    </ClInclude>
    <ClInclude Include="$(MSBuildThisFileDirectory)google\protobuf\compiler\cpp\field.h">
      <Filter>google\protobuf\compiler\cpp</Filter>
    </ClInclude>
    <ClInclude Include="$(MSBuildThisFileDirectory)google\protobuf\compiler\cpp\field_chunk.h">
      <Filter>google\protobuf\compiler\cpp</Filter>
    </ClInclude>
    <ClInclude Include="$(MSBuildThisFileDirectory)google\protobuf\compiler\cpp\field_generators\generators.h">
      <Filter>google\protobuf\compiler\cpp\field_generators</Filter>
    </ClInclude>
    <ClInclude Include="$(MSBuildThisFileDirectory)google\protobuf\compiler\cpp\file.h">
      <Filter>google\protobuf\compiler\cpp</Filter>
    </ClInclude>
    <ClInclude Include="$(MSBuildThisFileDirectory)google\protobuf\compiler\cpp\generator.h">
      <Filter>google\protobuf\compiler\cpp</Filter>
    </ClInclude>
    <ClInclude Include="$(MSBuildThisFileDirectory)google\protobuf\compiler\cpp\helpers.h">
      <Filter>google\protobuf\compiler\cpp</Filter>
    </ClInclude>
    <ClInclude Include="$(MSBuildThisFileDirectory)google\protobuf\compiler\cpp\ifndef_guard.h">
      <Filter>google\protobuf\compiler\cpp</Filter>
    </ClInclude>
    <ClInclude Include="$(MSBuildThisFileDirectory)google\protobuf\compiler\cpp\message.h">
      <Filter>google\protobuf\compiler\cpp</Filter>
    </ClInclude>
    <ClInclude Include="$(MSBuildThisFileDirectory)google\protobuf\compiler\cpp\message_layout_helper.h">
      <Filter>google\protobuf\compiler\cpp</Filter>
    </ClInclude>
    <ClInclude Include="$(MSBuildThisFileDirectory)google\protobuf\compiler\cpp\names.h">
      <Filter>google\protobuf\compiler\cpp</Filter>
    </ClInclude>
    <ClInclude Include="$(MSBuildThisFileDirectory)google\protobuf\compiler\cpp\namespace_printer.h">
      <Filter>google\protobuf\compiler\cpp</Filter>
    </ClInclude>
    <ClInclude Include="$(MSBuildThisFileDirectory)google\protobuf\compiler\cpp\options.h">
      <Filter>google\protobuf\compiler\cpp</Filter>
    </ClInclude>
    <ClInclude Include="$(MSBuildThisFileDirectory)google\protobuf\compiler\cpp\padding_optimizer.h">
      <Filter>google\protobuf\compiler\cpp</Filter>
    </ClInclude>
    <ClInclude Include="$(MSBuildThisFileDirectory)google\protobuf\compiler\cpp\parse_function_generator.h">
      <Filter>google\protobuf\compiler\cpp</Filter>
    </ClInclude>
    <ClInclude Include="$(MSBuildThisFileDirectory)google\protobuf\compiler\cpp\service.h">
      <Filter>google\protobuf\compiler\cpp</Filter>
    </ClInclude>
    <ClInclude Include="$(MSBuildThisFileDirectory)google\protobuf\compiler\cpp\tools\analyze_profile_proto.h">
      <Filter>google\protobuf\compiler\cpp\tools</Filter>
    </ClInclude>
    <ClInclude Include="$(MSBuildThisFileDirectory)google\protobuf\compiler\cpp\tracker.h">
      <Filter>google\protobuf\compiler\cpp</Filter>
    </ClInclude>
    <ClInclude Include="$(MSBuildThisFileDirectory)google\protobuf\compiler\cpp\unittest.h">
      <Filter>google\protobuf\compiler\cpp</Filter>
    </ClInclude>
    <ClInclude Include="$(MSBuildThisFileDirectory)google\protobuf\compiler\importer.h">
      <Filter>google\protobuf\compiler</Filter>
    </ClInclude>
    <ClInclude Include="$(MSBuildThisFileDirectory)google\protobuf\compiler\mock_code_generator.h">
      <Filter>google\protobuf\compiler</Filter>
    </ClInclude>
    <ClInclude Include="$(MSBuildThisFileDirectory)google\protobuf\compiler\notices.h">
      <Filter>google\protobuf\compiler</Filter>
    </ClInclude>
    <ClInclude Include="$(MSBuildThisFileDirectory)google\protobuf\compiler\package_info.h">
      <Filter>google\protobuf\compiler</Filter>
    </ClInclude>
    <ClInclude Include="$(MSBuildThisFileDirectory)google\protobuf\compiler\parser.h">
      <Filter>google\protobuf\compiler</Filter>
    </ClInclude>
    <ClInclude Include="$(MSBuildThisFileDirectory)google\protobuf\compiler\plugin.h">
      <Filter>google\protobuf\compiler</Filter>
    </ClInclude>
    <ClInclude Include="$(MSBuildThisFileDirectory)google\protobuf\compiler\plugin.pb.h">
      <Filter>google\protobuf\compiler</Filter>
    </ClInclude>
    <ClInclude Include="$(MSBuildThisFileDirectory)google\protobuf\compiler\retention.h">
      <Filter>google\protobuf\compiler</Filter>
    </ClInclude>
    <ClInclude Include="$(MSBuildThisFileDirectory)google\protobuf\compiler\scc.h">
      <Filter>google\protobuf\compiler</Filter>
    </ClInclude>
    <ClInclude Include="$(MSBuildThisFileDirectory)google\protobuf\compiler\subprocess.h">
      <Filter>google\protobuf\compiler</Filter>
    </ClInclude>
    <ClInclude Include="$(MSBuildThisFileDirectory)google\protobuf\compiler\versions.h">
      <Filter>google\protobuf\compiler</Filter>
    </ClInclude>
    <ClInclude Include="$(MSBuildThisFileDirectory)google\protobuf\compiler\zip_writer.h">
      <Filter>google\protobuf\compiler</Filter>
    </ClInclude>
    <ClInclude Include="$(MSBuildThisFileDirectory)google\protobuf\cpp_edition_defaults.h">
      <Filter>google\protobuf</Filter>
    </ClInclude>
    <ClInclude Include="$(MSBuildThisFileDirectory)google\protobuf\cpp_features.pb.h">
      <Filter>google\protobuf</Filter>
    </ClInclude>
    <ClInclude Include="$(MSBuildThisFileDirectory)google\protobuf\descriptor.h">
      <Filter>google\protobuf</Filter>
    </ClInclude>
    <ClInclude Include="$(MSBuildThisFileDirectory)google\protobuf\descriptor.pb.h">
      <Filter>google\protobuf</Filter>
    </ClInclude>
    <ClInclude Include="$(MSBuildThisFileDirectory)google\protobuf\descriptor_database.h">
      <Filter>google\protobuf</Filter>
    </ClInclude>
    <ClInclude Include="$(MSBuildThisFileDirectory)google\protobuf\descriptor_legacy.h">
      <Filter>google\protobuf</Filter>
    </ClInclude>
    <ClInclude Include="$(MSBuildThisFileDirectory)google\protobuf\descriptor_lite.h">
      <Filter>google\protobuf</Filter>
    </ClInclude>
    <ClInclude Include="$(MSBuildThisFileDirectory)google\protobuf\descriptor_visitor.h">
      <Filter>google\protobuf</Filter>
    </ClInclude>
    <ClInclude Include="$(MSBuildThisFileDirectory)google\protobuf\duration.pb.h">
      <Filter>google\protobuf</Filter>
    </ClInclude>
    <ClInclude Include="$(MSBuildThisFileDirectory)google\protobuf\dynamic_message.h">
      <Filter>google\protobuf</Filter>
    </ClInclude>
    <ClInclude Include="$(MSBuildThisFileDirectory)google\protobuf\empty.pb.h">
      <Filter>google\protobuf</Filter>
    </ClInclude>
    <ClInclude Include="$(MSBuildThisFileDirectory)google\protobuf\endian.h">
      <Filter>google\protobuf</Filter>
    </ClInclude>
    <ClInclude Include="$(MSBuildThisFileDirectory)google\protobuf\explicitly_constructed.h">
      <Filter>google\protobuf</Filter>
    </ClInclude>
    <ClInclude Include="$(MSBuildThisFileDirectory)google\protobuf\extension_set.h">
      <Filter>google\protobuf</Filter>
    </ClInclude>
    <ClInclude Include="$(MSBuildThisFileDirectory)google\protobuf\extension_set_inl.h">
      <Filter>google\protobuf</Filter>
    </ClInclude>
    <ClInclude Include="$(MSBuildThisFileDirectory)google\protobuf\feature_resolver.h">
      <Filter>google\protobuf</Filter>
    </ClInclude>
    <ClInclude Include="$(MSBuildThisFileDirectory)google\protobuf\field_access_listener.h">
      <Filter>google\protobuf</Filter>
    </ClInclude>
    <ClInclude Include="$(MSBuildThisFileDirectory)google\protobuf\field_mask.pb.h">
      <Filter>google\protobuf</Filter>
    </ClInclude>
    <ClInclude Include="$(MSBuildThisFileDirectory)google\protobuf\generated_enum_reflection.h">
      <Filter>google\protobuf</Filter>
    </ClInclude>
    <ClInclude Include="$(MSBuildThisFileDirectory)google\protobuf\generated_enum_util.h">
      <Filter>google\protobuf</Filter>
    </ClInclude>
    <ClInclude Include="$(MSBuildThisFileDirectory)google\protobuf\generated_message_bases.h">
      <Filter>google\protobuf</Filter>
    </ClInclude>
    <ClInclude Include="$(MSBuildThisFileDirectory)google\protobuf\generated_message_reflection.h">
      <Filter>google\protobuf</Filter>
    </ClInclude>
    <ClInclude Include="$(MSBuildThisFileDirectory)google\protobuf\generated_message_tctable_decl.h">
      <Filter>google\protobuf</Filter>
    </ClInclude>
    <ClInclude Include="$(MSBuildThisFileDirectory)google\protobuf\generated_message_tctable_gen.h">
      <Filter>google\protobuf</Filter>
    </ClInclude>
    <ClInclude Include="$(MSBuildThisFileDirectory)google\protobuf\generated_message_tctable_impl.h">
      <Filter>google\protobuf</Filter>
    </ClInclude>
    <ClInclude Include="$(MSBuildThisFileDirectory)google\protobuf\generated_message_util.h">
      <Filter>google\protobuf</Filter>
    </ClInclude>
    <ClInclude Include="$(MSBuildThisFileDirectory)google\protobuf\has_bits.h">
      <Filter>google\protobuf</Filter>
    </ClInclude>
    <ClInclude Include="$(MSBuildThisFileDirectory)google\protobuf\implicit_weak_message.h">
      <Filter>google\protobuf</Filter>
    </ClInclude>
    <ClInclude Include="$(MSBuildThisFileDirectory)google\protobuf\inlined_string_field.h">
      <Filter>google\protobuf</Filter>
    </ClInclude>
    <ClInclude Include="$(MSBuildThisFileDirectory)google\protobuf\internal_feature_helper.h">
      <Filter>google\protobuf</Filter>
    </ClInclude>
    <ClInclude Include="$(MSBuildThisFileDirectory)google\protobuf\internal_visibility.h">
      <Filter>google\protobuf</Filter>
    </ClInclude>
    <ClInclude Include="$(MSBuildThisFileDirectory)google\protobuf\internal_visibility_for_testing.h">
      <Filter>google\protobuf</Filter>
    </ClInclude>
    <ClInclude Include="$(MSBuildThisFileDirectory)google\protobuf\io\coded_stream.h">
      <Filter>google\protobuf\io</Filter>
    </ClInclude>
    <ClInclude Include="$(MSBuildThisFileDirectory)google\protobuf\io\gzip_stream.h">
      <Filter>google\protobuf\io</Filter>
    </ClInclude>
    <ClInclude Include="$(MSBuildThisFileDirectory)google\protobuf\io\io_win32.h">
      <Filter>google\protobuf\io</Filter>
    </ClInclude>
    <ClInclude Include="$(MSBuildThisFileDirectory)google\protobuf\io\package_info.h">
      <Filter>google\protobuf\io</Filter>
    </ClInclude>
    <ClInclude Include="$(MSBuildThisFileDirectory)google\protobuf\io\printer.h">
      <Filter>google\protobuf\io</Filter>
    </ClInclude>
    <ClInclude Include="$(MSBuildThisFileDirectory)google\protobuf\io\strtod.h">
      <Filter>google\protobuf\io</Filter>
    </ClInclude>
    <ClInclude Include="$(MSBuildThisFileDirectory)google\protobuf\io\test_zero_copy_stream.h">
      <Filter>google\protobuf\io</Filter>
    </ClInclude>
    <ClInclude Include="$(MSBuildThisFileDirectory)google\protobuf\io\tokenizer.h">
      <Filter>google\protobuf\io</Filter>
    </ClInclude>
    <ClInclude Include="$(MSBuildThisFileDirectory)google\protobuf\io\zero_copy_sink.h">
      <Filter>google\protobuf\io</Filter>
    </ClInclude>
    <ClInclude Include="$(MSBuildThisFileDirectory)google\protobuf\io\zero_copy_stream.h">
      <Filter>google\protobuf\io</Filter>
    </ClInclude>
    <ClInclude Include="$(MSBuildThisFileDirectory)google\protobuf\io\zero_copy_stream_impl.h">
      <Filter>google\protobuf\io</Filter>
    </ClInclude>
    <ClInclude Include="$(MSBuildThisFileDirectory)google\protobuf\io\zero_copy_stream_impl_lite.h">
      <Filter>google\protobuf\io</Filter>
    </ClInclude>
    <ClInclude Include="$(MSBuildThisFileDirectory)google\protobuf\map.h">
      <Filter>google\protobuf</Filter>
    </ClInclude>
    <ClInclude Include="$(MSBuildThisFileDirectory)google\protobuf\map_entry.h">
      <Filter>google\protobuf</Filter>
    </ClInclude>
    <ClInclude Include="$(MSBuildThisFileDirectory)google\protobuf\map_field.h">
      <Filter>google\protobuf</Filter>
    </ClInclude>
    <ClInclude Include="$(MSBuildThisFileDirectory)google\protobuf\map_field_lite.h">
      <Filter>google\protobuf</Filter>
    </ClInclude>
    <ClInclude Include="$(MSBuildThisFileDirectory)google\protobuf\map_test_util.h">
      <Filter>google\protobuf</Filter>
    </ClInclude>
    <ClInclude Include="$(MSBuildThisFileDirectory)google\protobuf\map_type_handler.h">
      <Filter>google\protobuf</Filter>
    </ClInclude>
    <ClInclude Include="$(MSBuildThisFileDirectory)google\protobuf\message.h">
      <Filter>google\protobuf</Filter>
    </ClInclude>
    <ClInclude Include="$(MSBuildThisFileDirectory)google\protobuf\message_lite.h">
      <Filter>google\protobuf</Filter>
    </ClInclude>
    <ClInclude Include="$(MSBuildThisFileDirectory)google\protobuf\metadata.h">
      <Filter>google\protobuf</Filter>
    </ClInclude>
    <ClInclude Include="$(MSBuildThisFileDirectory)google\protobuf\metadata_lite.h">
      <Filter>google\protobuf</Filter>
    </ClInclude>
    <ClInclude Include="$(MSBuildThisFileDirectory)google\protobuf\micro_string.h">
      <Filter>google\protobuf</Filter>
    </ClInclude>
    <ClInclude Include="$(MSBuildThisFileDirectory)google\protobuf\package_info.h">
      <Filter>google\protobuf</Filter>
    </ClInclude>
    <ClInclude Include="$(MSBuildThisFileDirectory)google\protobuf\parse_context.h">
      <Filter>google\protobuf</Filter>
    </ClInclude>
    <ClInclude Include="$(MSBuildThisFileDirectory)google\protobuf\port.h">
      <Filter>google\protobuf</Filter>
    </ClInclude>
    <ClInclude Include="$(MSBuildThisFileDirectory)google\protobuf\raw_ptr.h">
      <Filter>google\protobuf</Filter>
    </ClInclude>
    <ClInclude Include="$(MSBuildThisFileDirectory)google\protobuf\reflection.h">
      <Filter>google\protobuf</Filter>
    </ClInclude>
    <ClInclude Include="$(MSBuildThisFileDirectory)google\protobuf\reflection_internal.h">
      <Filter>google\protobuf</Filter>
    </ClInclude>
    <ClInclude Include="$(MSBuildThisFileDirectory)google\protobuf\reflection_mode.h">
      <Filter>google\protobuf</Filter>
    </ClInclude>
    <ClInclude Include="$(MSBuildThisFileDirectory)google\protobuf\reflection_ops.h">
      <Filter>google\protobuf</Filter>
    </ClInclude>
    <ClInclude Include="$(MSBuildThisFileDirectory)google\protobuf\reflection_tester.h">
      <Filter>google\protobuf</Filter>
    </ClInclude>
    <ClInclude Include="$(MSBuildThisFileDirectory)google\protobuf\reflection_visit_field_info.h">
      <Filter>google\protobuf</Filter>
    </ClInclude>
    <ClInclude Include="$(MSBuildThisFileDirectory)google\protobuf\reflection_visit_fields.h">
      <Filter>google\protobuf</Filter>
    </ClInclude>
    <ClInclude Include="$(MSBuildThisFileDirectory)google\protobuf\repeated_field.h">
      <Filter>google\protobuf</Filter>
    </ClInclude>
    <ClInclude Include="$(MSBuildThisFileDirectory)google\protobuf\repeated_ptr_field.h">
      <Filter>google\protobuf</Filter>
    </ClInclude>
    <ClInclude Include="$(MSBuildThisFileDirectory)google\protobuf\runtime_version.h">
      <Filter>google\protobuf</Filter>
    </ClInclude>
    <ClInclude Include="$(MSBuildThisFileDirectory)google\protobuf\serial_arena.h">
      <Filter>google\protobuf</Filter>
    </ClInclude>
    <ClInclude Include="$(MSBuildThisFileDirectory)google\protobuf\service.h">
      <Filter>google\protobuf</Filter>
    </ClInclude>
    <ClInclude Include="$(MSBuildThisFileDirectory)google\protobuf\source_context.pb.h">
      <Filter>google\protobuf</Filter>
    </ClInclude>
    <ClInclude Include="$(MSBuildThisFileDirectory)google\protobuf\string_block.h">
      <Filter>google\protobuf</Filter>
    </ClInclude>
    <ClInclude Include="$(MSBuildThisFileDirectory)google\protobuf\string_member_robber.h">
      <Filter>google\protobuf</Filter>
    </ClInclude>
    <ClInclude Include="$(MSBuildThisFileDirectory)google\protobuf\struct.pb.h">
      <Filter>google\protobuf</Filter>
    </ClInclude>
    <ClInclude Include="$(MSBuildThisFileDirectory)google\protobuf\stubs\callback.h">
      <Filter>google\protobuf\stubs</Filter>
    </ClInclude>
    <ClInclude Include="$(MSBuildThisFileDirectory)google\protobuf\stubs\common.h">
      <Filter>google\protobuf\stubs</Filter>
    </ClInclude>
    <ClInclude Include="$(MSBuildThisFileDirectory)google\protobuf\stubs\platform_macros.h">
      <Filter>google\protobuf\stubs</Filter>
    </ClInclude>
    <ClInclude Include="$(MSBuildThisFileDirectory)google\protobuf\stubs\port.h">
      <Filter>google\protobuf\stubs</Filter>
    </ClInclude>
    <ClInclude Include="$(MSBuildThisFileDirectory)google\protobuf\stubs\status_macros.h">
      <Filter>google\protobuf\stubs</Filter>
    </ClInclude>
    <ClInclude Include="$(MSBuildThisFileDirectory)google\protobuf\test_textproto.h">
      <Filter>google\protobuf</Filter>
    </ClInclude>
    <ClInclude Include="$(MSBuildThisFileDirectory)google\protobuf\test_util.h">
      <Filter>google\protobuf</Filter>
    </ClInclude>
    <ClInclude Include="$(MSBuildThisFileDirectory)google\protobuf\test_util2.h">
      <Filter>google\protobuf</Filter>
    </ClInclude>
    <ClInclude Include="$(MSBuildThisFileDirectory)google\protobuf\test_util_lite.h">
      <Filter>google\protobuf</Filter>
    </ClInclude>
    <ClInclude Include="$(MSBuildThisFileDirectory)google\protobuf\text_format.h">
      <Filter>google\protobuf</Filter>
    </ClInclude>
    <ClInclude Include="$(MSBuildThisFileDirectory)google\protobuf\thread_safe_arena.h">
      <Filter>google\protobuf</Filter>
    </ClInclude>
    <ClInclude Include="$(MSBuildThisFileDirectory)google\protobuf\timestamp.pb.h">
      <Filter>google\protobuf</Filter>
    </ClInclude>
    <ClInclude Include="$(MSBuildThisFileDirectory)google\protobuf\type.pb.h">
      <Filter>google\protobuf</Filter>
    </ClInclude>
    <ClInclude Include="$(MSBuildThisFileDirectory)google\protobuf\unknown_field_set.h">
      <Filter>google\protobuf</Filter>
    </ClInclude>
    <ClInclude Include="$(MSBuildThisFileDirectory)google\protobuf\unredacted_debug_format_for_test.h">
      <Filter>google\protobuf</Filter>
    </ClInclude>
    <ClInclude Include="$(MSBuildThisFileDirectory)google\protobuf\util\delimited_message_util.h">
      <Filter>google\protobuf\util</Filter>
    </ClInclude>
    <ClInclude Include="$(MSBuildThisFileDirectory)google\protobuf\util\field_comparator.h">
      <Filter>google\protobuf\util</Filter>
    </ClInclude>
    <ClInclude Include="$(MSBuildThisFileDirectory)google\protobuf\util\field_mask_util.h">
      <Filter>google\protobuf\util</Filter>
    </ClInclude>
    <ClInclude Include="$(MSBuildThisFileDirectory)google\protobuf\util\internal_timeval.h">
      <Filter>google\protobuf\util</Filter>
    </ClInclude>
    <ClInclude Include="$(MSBuildThisFileDirectory)google\protobuf\util\json_util.h">
      <Filter>google\protobuf\util</Filter>
    </ClInclude>
    <ClInclude Include="$(MSBuildThisFileDirectory)google\protobuf\util\message_differencer.h">
      <Filter>google\protobuf\util</Filter>
    </ClInclude>
    <ClInclude Include="$(MSBuildThisFileDirectory)google\protobuf\util\package_info.h">
      <Filter>google\protobuf\util</Filter>
    </ClInclude>
    <ClInclude Include="$(MSBuildThisFileDirectory)google\protobuf\util\time_util.h">
      <Filter>google\protobuf\util</Filter>
    </ClInclude>
    <ClInclude Include="$(MSBuildThisFileDirectory)google\protobuf\util\type_resolver.h">
      <Filter>google\protobuf\util</Filter>
    </ClInclude>
    <ClInclude Include="$(MSBuildThisFileDirectory)google\protobuf\util\type_resolver_util.h">
      <Filter>google\protobuf\util</Filter>
    </ClInclude>
    <ClInclude Include="$(MSBuildThisFileDirectory)google\protobuf\varint_shuffle.h">
      <Filter>google\protobuf</Filter>
    </ClInclude>
    <ClInclude Include="$(MSBuildThisFileDirectory)google\protobuf\wire_format.h">
      <Filter>google\protobuf</Filter>
    </ClInclude>
    <ClInclude Include="$(MSBuildThisFileDirectory)google\protobuf\wire_format_lite.h">
      <Filter>google\protobuf</Filter>
    </ClInclude>
    <ClInclude Include="$(MSBuildThisFileDirectory)google\protobuf\wire_format_unittest.h">
      <Filter>google\protobuf</Filter>
    </ClInclude>
    <ClInclude Include="$(MSBuildThisFileDirectory)google\protobuf\wrappers.pb.h">
      <Filter>google\protobuf</Filter>
    </ClInclude>
    <ClInclude Include="$(MSBuildThisFileDirectory)utf8_range\utf8_range.h">
      <Filter>utf8_range</Filter>
    </ClInclude>
    <ClInclude Include="$(MSBuildThisFileDirectory)utf8_range\utf8_validity.h">
      <Filter>utf8_range</Filter>
    </ClInclude>
  </ItemGroup>
  <ItemGroup>
    <None Include="$(MSBuildThisFileDirectory)absl\base\internal\spinlock_akaros.inc">
      <Filter>absl\base\internal</Filter>
    </None>
    <None Include="$(MSBuildThisFileDirectory)absl\base\internal\spinlock_linux.inc">
      <Filter>absl\base\internal</Filter>
    </None>
    <None Include="$(MSBuildThisFileDirectory)absl\base\internal\spinlock_posix.inc">
      <Filter>absl\base\internal</Filter>
    </None>
    <None Include="$(MSBuildThisFileDirectory)absl\base\internal\spinlock_win32.inc">
      <Filter>absl\base\internal</Filter>
    </None>
    <None Include="$(MSBuildThisFileDirectory)absl\debugging\internal\stacktrace_aarch64-inl.inc">
      <Filter>absl\debugging\internal</Filter>
    </None>
    <None Include="$(MSBuildThisFileDirectory)absl\debugging\internal\stacktrace_arm-inl.inc">
      <Filter>absl\debugging\internal</Filter>
    </None>
    <None Include="$(MSBuildThisFileDirectory)absl\debugging\internal\stacktrace_emscripten-inl.inc">
      <Filter>absl\debugging\internal</Filter>
    </None>
    <None Include="$(MSBuildThisFileDirectory)absl\debugging\internal\stacktrace_generic-inl.inc">
      <Filter>absl\debugging\internal</Filter>
    </None>
    <None Include="$(MSBuildThisFileDirectory)absl\debugging\internal\stacktrace_powerpc-inl.inc">
      <Filter>absl\debugging\internal</Filter>
    </None>
    <None Include="$(MSBuildThisFileDirectory)absl\debugging\internal\stacktrace_riscv-inl.inc">
      <Filter>absl\debugging\internal</Filter>
    </None>
    <None Include="$(MSBuildThisFileDirectory)absl\debugging\internal\stacktrace_unimplemented-inl.inc">
      <Filter>absl\debugging\internal</Filter>
    </None>
    <None Include="$(MSBuildThisFileDirectory)absl\debugging\internal\stacktrace_win32-inl.inc">
      <Filter>absl\debugging\internal</Filter>
    </None>
    <None Include="$(MSBuildThisFileDirectory)absl\debugging\internal\stacktrace_x86-inl.inc">
      <Filter>absl\debugging\internal</Filter>
    </None>
    <None Include="$(MSBuildThisFileDirectory)absl\debugging\symbolize_darwin.inc">
      <Filter>absl\debugging</Filter>
    </None>
    <None Include="$(MSBuildThisFileDirectory)absl\debugging\symbolize_elf.inc">
      <Filter>absl\debugging</Filter>
    </None>
    <None Include="$(MSBuildThisFileDirectory)absl\debugging\symbolize_emscripten.inc">
      <Filter>absl\debugging</Filter>
    </None>
    <None Include="$(MSBuildThisFileDirectory)absl\debugging\symbolize_unimplemented.inc">
      <Filter>absl\debugging</Filter>
    </None>
    <None Include="$(MSBuildThisFileDirectory)absl\debugging\symbolize_win32.inc">
      <Filter>absl\debugging</Filter>
    </None>
    <None Include="$(MSBuildThisFileDirectory)absl\log\check_test_impl.inc">
      <Filter>absl\log</Filter>
    </None>
    <None Include="$(MSBuildThisFileDirectory)absl\log\log_basic_test_impl.inc">
      <Filter>absl\log</Filter>
    </None>
    <None Include="$(MSBuildThisFileDirectory)absl\numeric\int128_have_intrinsic.inc">
      <Filter>absl\numeric</Filter>
    </None>
    <None Include="$(MSBuildThisFileDirectory)absl\numeric\int128_no_intrinsic.inc">
      <Filter>absl\numeric</Filter>
    </None>
    <None Include="$(MSBuildThisFileDirectory)absl\time\internal\get_current_time_chrono.inc">
      <Filter>absl\time\internal</Filter>
    </None>
    <None Include="$(MSBuildThisFileDirectory)absl\time\internal\get_current_time_posix.inc">
      <Filter>absl\time\internal</Filter>
    </None>
    <None Include="$(MSBuildThisFileDirectory)google\protobuf\map_test.inc">
      <Filter>google\protobuf</Filter>
    </None>
    <None Include="$(MSBuildThisFileDirectory)google\protobuf\message_unittest.inc">
      <Filter>google\protobuf</Filter>
    </None>
    <None Include="$(MSBuildThisFileDirectory)google\protobuf\message_unittest_legacy_apis.inc">
      <Filter>google\protobuf</Filter>
    </None>
    <None Include="$(MSBuildThisFileDirectory)google\protobuf\port_def.inc">
      <Filter>google\protobuf</Filter>
    </None>
    <None Include="$(MSBuildThisFileDirectory)google\protobuf\port_undef.inc">
      <Filter>google\protobuf</Filter>
    </None>
    <None Include="$(MSBuildThisFileDirectory)google\protobuf\proto3_lite_unittest.inc">
      <Filter>google\protobuf</Filter>
    </None>
    <None Include="$(MSBuildThisFileDirectory)google\protobuf\repeated_field_reflection_unittest.inc">
      <Filter>google\protobuf</Filter>
    </None>
  </ItemGroup>
</Project>