<?xml version="1.0" encoding="utf-8"?>
<Project ToolsVersion="4.0" xmlns="http://schemas.microsoft.com/developer/msbuild/2003">
  <ItemGroup>
    <Filter Include="shaders">
      <UniqueIdentifier>{0F45D591-7B24-542D-843C-DF03F09ABA8E}</UniqueIdentifier>
    </Filter>
    <Filter Include="shaders\original">
      <UniqueIdentifier>{337B759E-1F74-94F0-48A6-797534FE73FC}</UniqueIdentifier>
    </Filter>
    <Filter Include="src">
      <UniqueIdentifier>{2DAB880B-99B4-887C-2230-9F7C8E38947C}</UniqueIdentifier>
    </Filter>
  </ItemGroup>
  <ItemGroup>
    <ClInclude Include="Anim.h">
      <Filter>src</Filter>
    </ClInclude>
    <ClInclude Include="AnimController.h">
      <Filter>src</Filter>
    </ClInclude>
    <ClInclude Include="AnimController_OneAnim.h">
      <Filter>src</Filter>
    </ClInclude>
    <ClInclude Include="AnimController_TwoAnim.h">
      <Filter>src</Filter>
    </ClInclude>
    <ClInclude Include="AnimMan.h">
      <Filter>src</Filter>
    </ClInclude>
    <ClInclude Include="AnimManCompareStrategyEnumName.h">
      <Filter>src</Filter>
    </ClInclude>
    <ClInclude Include="Bone.h">
      <Filter>src</Filter>
    </ClInclude>
    <ClInclude Include="BoundingSphere.h">
      <Filter>src</Filter>
    </ClInclude>
    <ClInclude Include="BufferCBV_cs.h">
      <Filter>src</Filter>
    </ClInclude>
    <ClInclude Include="BufferCBV_ps.h">
      <Filter>src</Filter>
    </ClInclude>
    <ClInclude Include="BufferCBV_vs.h">
      <Filter>src</Filter>
    </ClInclude>
    <ClInclude Include="BufferComputeShader_cs.h">
      <Filter>src</Filter>
    </ClInclude>
    <ClInclude Include="BufferIBV.h">
      <Filter>src</Filter>
    </ClInclude>
    <ClInclude Include="BufferIBV_ia.h">
      <Filter>src</Filter>
    </ClInclude>
    <ClInclude Include="BufferInputLayout.h">
      <Filter>src</Filter>
    </ClInclude>
    <ClInclude Include="BufferInputLayout_ia.h">
      <Filter>src</Filter>
    </ClInclude>
    <ClInclude Include="BufferPixelShader.h">
      <Filter>src</Filter>
    </ClInclude>
    <ClInclude Include="BufferPixelShader_ps.h">
      <Filter>src</Filter>
    </ClInclude>
    <ClInclude Include="BufferSRV_cs.h">
      <Filter>src</Filter>
    </ClInclude>
    <ClInclude Include="BufferSRV_ps.h">
      <Filter>src</Filter>
    </ClInclude>
    <ClInclude Include="BufferSamplerState.h">
      <Filter>src</Filter>
    </ClInclude>
    <ClInclude Include="BufferSamplerState_ps.h">
      <Filter>src</Filter>
    </ClInclude>
    <ClInclude Include="BufferTexture2D.h">
      <Filter>src</Filter>
    </ClInclude>
    <ClInclude Include="BufferTextureSRV_ps.h">
      <Filter>src</Filter>
    </ClInclude>
    <ClInclude Include="BufferUAV_cs.h">
      <Filter>src</Filter>
    </ClInclude>
    <ClInclude Include="BufferVBV.h">
      <Filter>src</Filter>
    </ClInclude>
    <ClInclude Include="BufferVBV_ia.h">
      <Filter>src</Filter>
    </ClInclude>
    <ClInclude Include="BufferVertexShader.h">
      <Filter>src</Filter>
    </ClInclude>
    <ClInclude Include="BufferVertexShader_vs.h">
      <Filter>src</Filter>
    </ClInclude>
    <ClInclude Include="Camera.h">
      <Filter>src</Filter>
    </ClInclude>
    <ClInclude Include="CameraMan.h">
      <Filter>src</Filter>
    </ClInclude>
    <ClInclude Include="CameraNode.h">
      <Filter>src</Filter>
    </ClInclude>
    <ClInclude Include="CameraNodeCompareStrategyEnumName.h">
      <Filter>src</Filter>
    </ClInclude>
    <ClInclude Include="CameraNodeMan.h">
      <Filter>src</Filter>
    </ClInclude>
    <ClInclude Include="CameraNull.h">
      <Filter>src</Filter>
    </ClInclude>
    <ClInclude Include="CameraUtility.h">
      <Filter>src</Filter>
    </ClInclude>
    <ClInclude Include="Clip.h">
      <Filter>src</Filter>
    </ClInclude>
    <ClInclude Include="ClipCompareStrategyEnumName.h">
      <Filter>src</Filter>
    </ClInclude>
    <ClInclude Include="ClipMan.h">
      <Filter>src</Filter>
    </ClInclude>
    <ClInclude Include="ClipProto.h">
      <Filter>src</Filter>
    </ClInclude>
    <ClInclude Include="Color.h">
      <Filter>src</Filter>
    </ClInclude>
    <ClInclude Include="Colors.h">
      <Filter>src</Filter>
    </ClInclude>
    <ClInclude Include="ComputeBlend.h">
      <Filter>src</Filter>
    </ClInclude>
    <ClInclude Include="ComputeBlend_OneAnim.h">
      <Filter>src</Filter>
    </ClInclude>
    <ClInclude Include="ComputeBlend_TwoAnim.h">
      <Filter>src</Filter>
    </ClInclude>
    <ClInclude Include="Engine.h">
      <Filter>src</Filter>
    </ClInclude>
    <ClInclude Include="FontSprite.h">
      <Filter>src</Filter>
    </ClInclude>
    <ClInclude Include="FrameBucket.h">
      <Filter>src</Filter>
    </ClInclude>
    <ClInclude Include="Game.h">
      <Filter>src</Filter>
    </ClInclude>
    <ClInclude Include="GameMan.h">
      <Filter>src</Filter>
    </ClInclude>
    <ClInclude Include="GameObject.h">
      <Filter>src</Filter>
    </ClInclude>
    <ClInclude Include="GameObjectAnimSkin.h">
      <Filter>src</Filter>
    </ClInclude>
    <ClInclude Include="GameObjectControlled.h">
      <Filter>src</Filter>
    </ClInclude>
    <ClInclude Include="GameObjectMan.h">
      <Filter>src</Filter>
    </ClInclude>
    <ClInclude Include="GameObjectRigidBody.h">
      <Filter>src</Filter>
    </ClInclude>
    <ClInclude Include="GameObjectSprite.h">
      <Filter>src</Filter>
    </ClInclude>
    <ClInclude Include="GameObjectTerrain.h">
      <Filter>src</Filter>
    </ClInclude>
    <ClInclude Include="GameSceneContext.h">
      <Filter>src</Filter>
    </ClInclude>
    <ClInclude Include="GameSceneState.h">
      <Filter>src</Filter>
    </ClInclude>
    <ClInclude Include="Glyph.h">
      <Filter>src</Filter>
    </ClInclude>
    <ClInclude Include="GlyphCompareStrategyEnumName.h">
      <Filter>src</Filter>
    </ClInclude>
    <ClInclude Include="GlyphMan.h">
      <Filter>src</Filter>
    </ClInclude>
    <ClInclude Include="GlyphProto.h">
      <Filter>src</Filter>
    </ClInclude>
    <ClInclude Include="GraphicsObject.h">
      <Filter>src</Filter>
    </ClInclude>
    <ClInclude Include="GraphicsObject_Abstract.h">
      <Filter>src</Filter>
    </ClInclude>
    <ClInclude Include="GraphicsObject_ColorByVertex.h">
      <Filter>src</Filter>
    </ClInclude>
    <ClInclude Include="GraphicsObject_ConstColor.h">
      <Filter>src</Filter>
    </ClInclude>
    <ClInclude Include="GraphicsObject_ConstColorLight.h">
      <Filter>src</Filter>
    </ClInclude>
    <ClInclude Include="GraphicsObject_FlatTexture.h">
      <Filter>src</Filter>
    </ClInclude>
    <ClInclude Include="GraphicsObject_LightTexture.h">
      <Filter>src</Filter>
    </ClInclude>
    <ClInclude Include="GraphicsObject_Null.h">
      <Filter>src</Filter>
    </ClInclude>
    <ClInclude Include="GraphicsObject_SkinFlatTexture.h">
      <Filter>src</Filter>
    </ClInclude>
    <ClInclude Include="GraphicsObject_SkinLightTexture.h">
      <Filter>src</Filter>
    </ClInclude>
    <ClInclude Include="GraphicsObject_Sprite.h">
      <Filter>src</Filter>
    </ClInclude>
    <ClInclude Include="GraphicsObject_Wireframe.h">
      <Filter>src</Filter>
    </ClInclude>
    <ClInclude Include="HierarchyTable.h">
      <Filter>src</Filter>
    </ClInclude>
    <ClInclude Include="HierarchyTableCompareStrategyEnumName.h">
      <Filter>src</Filter>
    </ClInclude>
    <ClInclude Include="HierarchyTableMan.h">
      <Filter>src</Filter>
    </ClInclude>
    <ClInclude Include="HierarchyTableProto.h">
      <Filter>src</Filter>
    </ClInclude>
    <ClInclude Include="Image.h">
      <Filter>src</Filter>
    </ClInclude>
    <ClInclude Include="ImageCompareStrategyEnumName.h">
      <Filter>src</Filter>
    </ClInclude>
    <ClInclude Include="ImageMan.h">
      <Filter>src</Filter>
    </ClInclude>
    <ClInclude Include="JointTable.h">
      <Filter>src</Filter>
    </ClInclude>
    <ClInclude Include="JointTableCompareStrategyEnumName.h">
      <Filter>src</Filter>
    </ClInclude>
    <ClInclude Include="JointTableMan.h">
      <Filter>src</Filter>
    </ClInclude>
    <ClInclude Include="JointTableProto.h">
      <Filter>src</Filter>
    </ClInclude>
    <ClInclude Include="Mesh.h">
      <Filter>src</Filter>
    </ClInclude>
    <ClInclude Include="MeshNode.h">
      <Filter>src</Filter>
    </ClInclude>
    <ClInclude Include="MeshNodeCompareStrategyCharName.h">
      <Filter>src</Filter>
    </ClInclude>
    <ClInclude Include="MeshNodeCompareStrategyEnumName.h">
      <Filter>src</Filter>
    </ClInclude>
    <ClInclude Include="MeshNodeMan.h">
      <Filter>src</Filter>
    </ClInclude>
    <ClInclude Include="MeshNull.h">
      <Filter>src</Filter>
    </ClInclude>
    <ClInclude Include="MeshProto.h">
      <Filter>src</Filter>
    </ClInclude>
    <ClInclude Include="Mixer.h">
      <Filter>src</Filter>
    </ClInclude>
    <ClInclude Include="MixerA.h">
      <Filter>src</Filter>
    </ClInclude>
    <ClInclude Include="MixerB.h">
      <Filter>src</Filter>
    </ClInclude>
    <ClInclude Include="MixerC.h">
      <Filter>src</Filter>
    </ClInclude>
    <ClInclude Include="Prefab.h">
      <Filter>src</Filter>
    </ClInclude>
    <ClInclude Include="PrefabAnim.h">
      <Filter>src</Filter>
    </ClInclude>
    <ClInclude Include="Prefab_Abstract.h">
      <Filter>src</Filter>
    </ClInclude>
    <ClInclude Include="Prefab_FiboSpiral.h">
      <Filter>src</Filter>
    </ClInclude>
    <ClInclude Include="Prefab_Pendulum.h">
      <Filter>src</Filter>
    </ClInclude>
    <ClInclude Include="Prefab_Pivot.h">
      <Filter>src</Filter>
    </ClInclude>
    <ClInclude Include="Prefab_Pulse.h">
      <Filter>src</Filter>
    </ClInclude>
    <ClInclude Include="Prefab_RoatateSpin.h">
      <Filter>src</Filter>
    </ClInclude>
    <ClInclude Include="Prefab_Rotate.h">
      <Filter>src</Filter>
    </ClInclude>
    <ClInclude Include="Rect.h">
      <Filter>src</Filter>
    </ClInclude>
    <ClInclude Include="Ritter.h">
      <Filter>src</Filter>
    </ClInclude>
    <ClInclude Include="ShaderMappings.h">
      <Filter>src</Filter>
    </ClInclude>
    <ClInclude Include="ShaderObject.h">
      <Filter>src</Filter>
    </ClInclude>
    <ClInclude Include="ShaderObjectNode.h">
      <Filter>src</Filter>
    </ClInclude>
    <ClInclude Include="ShaderObjectNodeCompareStrategyEnumName.h">
      <Filter>src</Filter>
    </ClInclude>
    <ClInclude Include="ShaderObjectNodeMan.h">
      <Filter>src</Filter>
    </ClInclude>
    <ClInclude Include="ShaderObject_ColorByVertex.h">
      <Filter>src</Filter>
    </ClInclude>
    <ClInclude Include="ShaderObject_ConstColor.h">
      <Filter>src</Filter>
    </ClInclude>
    <ClInclude Include="ShaderObject_ConstColorLight.h">
      <Filter>src</Filter>
    </ClInclude>
    <ClInclude Include="ShaderObject_FlatTexture.h">
      <Filter>src</Filter>
    </ClInclude>
    <ClInclude Include="ShaderObject_LightTexture.h">
      <Filter>src</Filter>
    </ClInclude>
    <ClInclude Include="ShaderObject_MixerA.h">
      <Filter>src</Filter>
    </ClInclude>
    <ClInclude Include="ShaderObject_MixerB.h">
      <Filter>src</Filter>
    </ClInclude>
    <ClInclude Include="ShaderObject_MixerC.h">
      <Filter>src</Filter>
    </ClInclude>
    <ClInclude Include="ShaderObject_Null.h">
      <Filter>src</Filter>
    </ClInclude>
    <ClInclude Include="ShaderObject_SkinFlatTexture.h">
      <Filter>src</Filter>
    </ClInclude>
    <ClInclude Include="ShaderObject_SkinLightTexture.h">
      <Filter>src</Filter>
    </ClInclude>
    <ClInclude Include="ShaderObject_Sprite.h">
      <Filter>src</Filter>
    </ClInclude>
    <ClInclude Include="ShaderObject_WorldA.h">
      <Filter>src</Filter>
    </ClInclude>
    <ClInclude Include="ShaderObject_WorldC.h">
      <Filter>src</Filter>
    </ClInclude>
    <ClInclude Include="Skel.h">
      <Filter>src</Filter>
    </ClInclude>
    <ClInclude Include="SkelCompareStrategyEnumName.h">
      <Filter>src</Filter>
    </ClInclude>
    <ClInclude Include="SkelMan.h">
      <Filter>src</Filter>
    </ClInclude>
    <ClInclude Include="SkelProto.h">
      <Filter>src</Filter>
    </ClInclude>
    <ClInclude Include="Skeleton.h">
      <Filter>src</Filter>
    </ClInclude>
    <ClInclude Include="StateAdapter.h">
      <Filter>src</Filter>
    </ClInclude>
    <ClInclude Include="StateAdapterOutput.h">
      <Filter>src</Filter>
    </ClInclude>
    <ClInclude Include="StateBlend.h">
      <Filter>src</Filter>
    </ClInclude>
    <ClInclude Include="StateDebug.h">
      <Filter>src</Filter>
    </ClInclude>
    <ClInclude Include="StateDepthStencil.h">
      <Filter>src</Filter>
    </ClInclude>
    <ClInclude Include="StateDepthStencilBuffer.h">
      <Filter>src</Filter>
    </ClInclude>
    <ClInclude Include="StateDepthStencilView.h">
      <Filter>src</Filter>
    </ClInclude>
    <ClInclude Include="StateDevice.h">
      <Filter>src</Filter>
    </ClInclude>
    <ClInclude Include="StateDeviceContext.h">
      <Filter>src</Filter>
    </ClInclude>
    <ClInclude Include="StateDirectXMan.h">
      <Filter>src</Filter>
    </ClInclude>
    <ClInclude Include="StateFactory.h">
      <Filter>src</Filter>
    </ClInclude>
    <ClInclude Include="StateRasterizer.h">
      <Filter>src</Filter>
    </ClInclude>
    <ClInclude Include="StateRenderTargetView.h">
      <Filter>src</Filter>
    </ClInclude>
    <ClInclude Include="StateSwapChain.h">
      <Filter>src</Filter>
    </ClInclude>
    <ClInclude Include="StateViewport.h">
      <Filter>src</Filter>
    </ClInclude>
    <ClInclude Include="StringThis.h">
      <Filter>src</Filter>
    </ClInclude>
    <ClInclude Include="TexNode.h">
      <Filter>src</Filter>
    </ClInclude>
    <ClInclude Include="TexNodeCompareStrategyEnumName.h">
      <Filter>src</Filter>
    </ClInclude>
    <ClInclude Include="TexNodeMan.h">
      <Filter>src</Filter>
    </ClInclude>
    <ClInclude Include="TextureNull.h">
      <Filter>src</Filter>
    </ClInclude>
    <ClInclude Include="TextureObject.h">
      <Filter>src</Filter>
    </ClInclude>
    <ClInclude Include="TimerController.h">
      <Filter>src</Filter>
    </ClInclude>
    <ClInclude Include="WindowColors.h">
      <Filter>src</Filter>
    </ClInclude>
    <ClInclude Include="WorldComputeA.h">
      <Filter>src</Filter>
    </ClInclude>
    <ClInclude Include="WorldComputeC.h">
      <Filter>src</Filter>
    </ClInclude>
    <ClInclude Include="WorldConstant.h">
      <Filter>src</Filter>
    </ClInclude>
    <ClInclude Include="scene1.h">
      <Filter>src</Filter>
    </ClInclude>
    <ClInclude Include="scene2.h">
      <Filter>src</Filter>
    </ClInclude>
    <ClInclude Include="scene3.h">
      <Filter>src</Filter>
    </ClInclude>
  </ItemGroup>
  <ItemGroup>
    <ClCompile Include="Anim.cpp">
      <Filter>src</Filter>
    </ClCompile>
    <ClCompile Include="AnimController.cpp">
      <Filter>src</Filter>
    </ClCompile>
    <ClCompile Include="AnimController_OneAnim.cpp">
      <Filter>src</Filter>
    </ClCompile>
    <ClCompile Include="AnimController_TwoAnim.cpp">
      <Filter>src</Filter>
    </ClCompile>
    <ClCompile Include="AnimMan.cpp">
      <Filter>src</Filter>
    </ClCompile>
    <ClCompile Include="AnimManCompareStrategyEnumName.cpp">
      <Filter>src</Filter>
    </ClCompile>
    <ClCompile Include="Bone.cpp">
      <Filter>src</Filter>
    </ClCompile>
    <ClCompile Include="BoundingSphere.cpp">
      <Filter>src</Filter>
    </ClCompile>
    <ClCompile Include="BufferCBV_cs.cpp">
      <Filter>src</Filter>
    </ClCompile>
    <ClCompile Include="BufferCBV_ps.cpp">
      <Filter>src</Filter>
    </ClCompile>
    <ClCompile Include="BufferCBV_vs.cpp">
      <Filter>src</Filter>
    </ClCompile>
    <ClCompile Include="BufferComputeShader_cs.cpp">
      <Filter>src</Filter>
    </ClCompile>
    <ClCompile Include="BufferIBV.cpp">
      <Filter>src</Filter>
    </ClCompile>
    <ClCompile Include="BufferIBV_ia.cpp">
      <Filter>src</Filter>
    </ClCompile>
    <ClCompile Include="BufferInputLayout.cpp">
      <Filter>src</Filter>
    </ClCompile>
    <ClCompile Include="BufferInputLayout_ia.cpp">
      <Filter>src</Filter>
    </ClCompile>
    <ClCompile Include="BufferPixelShader.cpp">
      <Filter>src</Filter>
    </ClCompile>
    <ClCompile Include="BufferPixelShader_ps.cpp">
      <Filter>src</Filter>
    </ClCompile>
    <ClCompile Include="BufferSRV_cs.cpp">
      <Filter>src</Filter>
    </ClCompile>
    <ClCompile Include="BufferSRV_ps.cpp">
      <Filter>src</Filter>
    </ClCompile>
    <ClCompile Include="BufferSamplerState.cpp">
      <Filter>src</Filter>
    </ClCompile>
    <ClCompile Include="BufferSamplerState_ps.cpp">
      <Filter>src</Filter>
    </ClCompile>
    <ClCompile Include="BufferTexture2D.cpp">
      <Filter>src</Filter>
    </ClCompile>
    <ClCompile Include="BufferTextureSRV_ps.cpp">
      <Filter>src</Filter>
    </ClCompile>
    <ClCompile Include="BufferUAV_cs.cpp">
      <Filter>src</Filter>
    </ClCompile>
    <ClCompile Include="BufferVBV.cpp">
      <Filter>src</Filter>
    </ClCompile>
    <ClCompile Include="BufferVBV_ia.cpp">
      <Filter>src</Filter>
    </ClCompile>
    <ClCompile Include="BufferVertexShader.cpp">
      <Filter>src</Filter>
    </ClCompile>
    <ClCompile Include="BufferVertexShader_vs.cpp">
      <Filter>src</Filter>
    </ClCompile>
    <ClCompile Include="Camera.cpp">
      <Filter>src</Filter>
    </ClCompile>
    <ClCompile Include="CameraMan.cpp">
      <Filter>src</Filter>
    </ClCompile>
    <ClCompile Include="CameraNode.cpp">
      <Filter>src</Filter>
    </ClCompile>
    <ClCompile Include="CameraNodeCompareStrategyEnumName.cpp">
      <Filter>src</Filter>
    </ClCompile>
    <ClCompile Include="CameraNodeMan.cpp">
      <Filter>src</Filter>
    </ClCompile>
    <ClCompile Include="CameraNull.cpp">
      <Filter>src</Filter>
    </ClCompile>
    <ClCompile Include="CameraUtiliity.cpp">
      <Filter>src</Filter>
    </ClCompile>
    <ClCompile Include="Clip.cpp">
      <Filter>src</Filter>
    </ClCompile>
    <ClCompile Include="ClipCompareStrategyEnumName.cpp">
      <Filter>src</Filter>
    </ClCompile>
    <ClCompile Include="ClipMan.cpp">
      <Filter>src</Filter>
    </ClCompile>
    <ClCompile Include="ClipProto.cpp">
      <Filter>src</Filter>
    </ClCompile>
    <ClCompile Include="Color.cpp">
      <Filter>src</Filter>
    </ClCompile>
    <ClCompile Include="ComputeBlend.cpp">
      <Filter>src</Filter>
    </ClCompile>
    <ClCompile Include="ComputeBlend_OneAnim.cpp">
      <Filter>src</Filter>
    </ClCompile>
    <ClCompile Include="ComputeBlend_TwoAnim.cpp">
      <Filter>src</Filter>
    </ClCompile>
    <ClCompile Include="Engine.cpp">
      <Filter>src</Filter>
    </ClCompile>
    <ClCompile Include="FontSprite.cpp">
      <Filter>src</Filter>
    </ClCompile>
    <ClCompile Include="FrameBucket.cpp">
      <Filter>src</Filter>
    </ClCompile>
    <ClCompile Include="Game.cpp">
      <Filter>src</Filter>
    </ClCompile>
    <ClCompile Include="GameHelper.cpp">
      <Filter>src</Filter>
    </ClCompile>
    <ClCompile Include="GameMan.cpp">
      <Filter>src</Filter>
    </ClCompile>
    <ClCompile Include="GameObject.cpp">
      <Filter>src</Filter>
    </ClCompile>
    <ClCompile Include="GameObjectAnimSkin.cpp">
      <Filter>src</Filter>
    </ClCompile>
    <ClCompile Include="GameObjectControlled.cpp">
      <Filter>src</Filter>
    </ClCompile>
    <ClCompile Include="GameObjectMan.cpp">
      <Filter>src</Filter>
    </ClCompile>
    <ClCompile Include="GameObjectRigidBody.cpp">
      <Filter>src</Filter>
    </ClCompile>
    <ClCompile Include="GameObjectSprite.cpp">
      <Filter>src</Filter>
    </ClCompile>
    <ClCompile Include="GameObjectTerrain.cpp">
      <Filter>src</Filter>
    </ClCompile>
    <ClCompile Include="GameSceneContext.cpp">
      <Filter>src</Filter>
    </ClCompile>
    <ClCompile Include="Glyph.cpp">
      <Filter>src</Filter>
    </ClCompile>
    <ClCompile Include="GlyphCompareStrategyEnumName.cpp">
      <Filter>src</Filter>
    </ClCompile>
    <ClCompile Include="GlyphMan.cpp">
      <Filter>src</Filter>
    </ClCompile>
    <ClCompile Include="GlyphProto.cpp">
      <Filter>src</Filter>
    </ClCompile>
    <ClCompile Include="GraphicsObject.cpp">
      <Filter>src</Filter>
    </ClCompile>
    <ClCompile Include="GraphicsObject_ColorByVertex.cpp">
      <Filter>src</Filter>
    </ClCompile>
    <ClCompile Include="GraphicsObject_ConstColor.cpp">
      <Filter>src</Filter>
    </ClCompile>
    <ClCompile Include="GraphicsObject_ConstColorLight.cpp">
      <Filter>src</Filter>
    </ClCompile>
    <ClCompile Include="GraphicsObject_FlatTexture.cpp">
      <Filter>src</Filter>
    </ClCompile>
    <ClCompile Include="GraphicsObject_LightTexture.cpp">
      <Filter>src</Filter>
    </ClCompile>
    <ClCompile Include="GraphicsObject_Null.cpp">
      <Filter>src</Filter>
    </ClCompile>
    <ClCompile Include="GraphicsObject_SkinFlatTexture.cpp">
      <Filter>src</Filter>
    </ClCompile>
    <ClCompile Include="GraphicsObject_SkinLightTexture.cpp">
      <Filter>src</Filter>
    </ClCompile>
    <ClCompile Include="GraphicsObject_Sprite.cpp">
      <Filter>src</Filter>
    </ClCompile>
    <ClCompile Include="GraphicsObject_Wireframe.cpp">
      <Filter>src</Filter>
    </ClCompile>
    <ClCompile Include="HierarchyTable.cpp">
      <Filter>src</Filter>
    </ClCompile>
    <ClCompile Include="HierarchyTableCompareStrategyEnumName.cpp">
      <Filter>src</Filter>
    </ClCompile>
    <ClCompile Include="HierarchyTableMan.cpp">
      <Filter>src</Filter>
    </ClCompile>
    <ClCompile Include="HierarchyTableProto.cpp">
      <Filter>src</Filter>
    </ClCompile>
    <ClCompile Include="Image.cpp">
      <Filter>src</Filter>
    </ClCompile>
    <ClCompile Include="ImageCompareStrategyEnumName.cpp">
      <Filter>src</Filter>
    </ClCompile>
    <ClCompile Include="ImageMan.cpp">
      <Filter>src</Filter>
    </ClCompile>
    <ClCompile Include="JointTable.cpp">
      <Filter>src</Filter>
    </ClCompile>
    <ClCompile Include="JointTableCompareStrategyEnumName.cpp">
      <Filter>src</Filter>
    </ClCompile>
    <ClCompile Include="JointTableMan.cpp">
      <Filter>src</Filter>
    </ClCompile>
    <ClCompile Include="JointTableProto.cpp">
      <Filter>src</Filter>
    </ClCompile>
    <ClCompile Include="Mesh.cpp">
      <Filter>src</Filter>
    </ClCompile>
    <ClCompile Include="MeshNode.cpp">
      <Filter>src</Filter>
    </ClCompile>
    <ClCompile Include="MeshNodeCompareStrategyCharName.cpp">
      <Filter>src</Filter>
    </ClCompile>
    <ClCompile Include="MeshNodeCompareStrategyEnumName.cpp">
      <Filter>src</Filter>
    </ClCompile>
    <ClCompile Include="MeshNodeMan.cpp">
      <Filter>src</Filter>
    </ClCompile>
    <ClCompile Include="MeshNull.cpp">
      <Filter>src</Filter>
    </ClCompile>
    <ClCompile Include="MeshProto.cpp">
      <Filter>src</Filter>
    </ClCompile>
    <ClCompile Include="Mixer.cpp">
      <Filter>src</Filter>
    </ClCompile>
    <ClCompile Include="MixerA.cpp">
      <Filter>src</Filter>
    </ClCompile>
    <ClCompile Include="MixerB.cpp">
      <Filter>src</Filter>
    </ClCompile>
    <ClCompile Include="MixerC.cpp">
      <Filter>src</Filter>
    </ClCompile>
    <ClCompile Include="Prefab.cpp">
      <Filter>src</Filter>
    </ClCompile>
    <ClCompile Include="PrefabAnim.cpp">
      <Filter>src</Filter>
    </ClCompile>
    <ClCompile Include="Prefab_FiboSpiral.cpp">
      <Filter>src</Filter>
    </ClCompile>
    <ClCompile Include="Prefab_Pendulum.cpp">
      <Filter>src</Filter>
    </ClCompile>
    <ClCompile Include="Prefab_Pivot.cpp">
      <Filter>src</Filter>
    </ClCompile>
    <ClCompile Include="Prefab_Pulse.cpp">
      <Filter>src</Filter>
    </ClCompile>
    <ClCompile Include="Prefab_RoatateSpin.cpp">
      <Filter>src</Filter>
    </ClCompile>
    <ClCompile Include="Prefab_Rotate.cpp">
      <Filter>src</Filter>
    </ClCompile>
    <ClCompile Include="Rect.cpp">
      <Filter>src</Filter>
    </ClCompile>
    <ClCompile Include="Ritter.cpp">
      <Filter>src</Filter>
    </ClCompile>
    <ClCompile Include="ShaderObject.cpp">
      <Filter>src</Filter>
    </ClCompile>
    <ClCompile Include="ShaderObjectNode.cpp">
      <Filter>src</Filter>
    </ClCompile>
    <ClCompile Include="ShaderObjectNodeCompareStrategyEnumName.cpp">
      <Filter>src</Filter>
    </ClCompile>
    <ClCompile Include="ShaderObjectNodeMan.cpp">
      <Filter>src</Filter>
    </ClCompile>
    <ClCompile Include="ShaderObject_ColorByVertex.cpp">
      <Filter>src</Filter>
    </ClCompile>
    <ClCompile Include="ShaderObject_ConstColor.cpp">
      <Filter>src</Filter>
    </ClCompile>
    <ClCompile Include="ShaderObject_ConstColorLight.cpp">
      <Filter>src</Filter>
    </ClCompile>
    <ClCompile Include="ShaderObject_FlatTexture.cpp">
      <Filter>src</Filter>
    </ClCompile>
    <ClCompile Include="ShaderObject_LightTexture.cpp">
      <Filter>src</Filter>
    </ClCompile>
    <ClCompile Include="ShaderObject_MixerA.cpp">
      <Filter>src</Filter>
    </ClCompile>
    <ClCompile Include="ShaderObject_MixerB.cpp">
      <Filter>src</Filter>
    </ClCompile>
    <ClCompile Include="ShaderObject_MixerC.cpp">
      <Filter>src</Filter>
    </ClCompile>
    <ClCompile Include="ShaderObject_Null.cpp">
      <Filter>src</Filter>
    </ClCompile>
    <ClCompile Include="ShaderObject_SkinFlatTexture.cpp">
      <Filter>src</Filter>
    </ClCompile>
    <ClCompile Include="ShaderObject_SkinLightTexture.cpp">
      <Filter>src</Filter>
    </ClCompile>
    <ClCompile Include="ShaderObject_Sprite.cpp">
      <Filter>src</Filter>
    </ClCompile>
    <ClCompile Include="ShaderObject_WorldA.cpp">
      <Filter>src</Filter>
    </ClCompile>
    <ClCompile Include="ShaderObject_WorldC.cpp">
      <Filter>src</Filter>
    </ClCompile>
    <ClCompile Include="Skel.cpp">
      <Filter>src</Filter>
    </ClCompile>
    <ClCompile Include="SkelCompareStrategyEnumName.cpp">
      <Filter>src</Filter>
    </ClCompile>
    <ClCompile Include="SkelMan.cpp">
      <Filter>src</Filter>
    </ClCompile>
    <ClCompile Include="SkelProto.cpp">
      <Filter>src</Filter>
    </ClCompile>
    <ClCompile Include="Skeleton.cpp">
      <Filter>src</Filter>
    </ClCompile>
    <ClCompile Include="StateAdapter.cpp">
      <Filter>src</Filter>
    </ClCompile>
    <ClCompile Include="StateAdapterOutput.cpp">
      <Filter>src</Filter>
    </ClCompile>
    <ClCompile Include="StateBlend.cpp">
      <Filter>src</Filter>
    </ClCompile>
    <ClCompile Include="StateDebug.cpp">
      <Filter>src</Filter>
    </ClCompile>
    <ClCompile Include="StateDepthStencil.cpp">
      <Filter>src</Filter>
    </ClCompile>
    <ClCompile Include="StateDepthStencilBuffer.cpp">
      <Filter>src</Filter>
    </ClCompile>
    <ClCompile Include="StateDepthStencilView.cpp">
      <Filter>src</Filter>
    </ClCompile>
    <ClCompile Include="StateDevice.cpp">
      <Filter>src</Filter>
    </ClCompile>
    <ClCompile Include="StateDeviceContext.cpp">
      <Filter>src</Filter>
    </ClCompile>
    <ClCompile Include="StateDirectXMan.cpp">
      <Filter>src</Filter>
    </ClCompile>
    <ClCompile Include="StateFactory.cpp">
      <Filter>src</Filter>
    </ClCompile>
    <ClCompile Include="StateRasterizer.cpp">
      <Filter>src</Filter>
    </ClCompile>
    <ClCompile Include="StateRenderTargetView.cpp">
      <Filter>src</Filter>
    </ClCompile>
    <ClCompile Include="StateSwapChain.cpp">
      <Filter>src</Filter>
    </ClCompile>
    <ClCompile Include="StateViewport.cpp">
      <Filter>src</Filter>
    </ClCompile>
    <ClCompile Include="StringThis.cpp">
      <Filter>src</Filter>
    </ClCompile>
    <ClCompile Include="TexNode.cpp">
      <Filter>src</Filter>
    </ClCompile>
    <ClCompile Include="TexNodeCompareStrategyEnumName.cpp">
      <Filter>src</Filter>
    </ClCompile>
    <ClCompile Include="TexNodeMan.cpp">
      <Filter>src</Filter>
    </ClCompile>
    <ClCompile Include="TextureNull.cpp">
      <Filter>src</Filter>
    </ClCompile>
    <ClCompile Include="TextureObject.cpp">
      <Filter>src</Filter>
    </ClCompile>
    <ClCompile Include="TimerController.cpp">
      <Filter>src</Filter>
    </ClCompile>
    <ClCompile Include="WorldComputeA.cpp">
      <Filter>src</Filter>
    </ClCompile>
    <ClCompile Include="WorldComputeC.cpp">
      <Filter>src</Filter>
    </ClCompile>
    <ClCompile Include="main.cpp">
      <Filter>src</Filter>
    </ClCompile>
    <ClCompile Include="scene1.cpp">
      <Filter>src</Filter>
    </ClCompile>
    <ClCompile Include="scene2.cpp">
      <Filter>src</Filter>
    </ClCompile>
    <ClCompile Include="scene3.cpp">
      <Filter>src</Filter>
    </ClCompile>
  </ItemGroup>
  <ItemGroup>
    <FxCompile Include="..\shaders\original\ColorByVertex.Px.hlsl">
      <Filter>shaders\original</Filter>
    </FxCompile>
    <FxCompile Include="..\shaders\original\ColorByVertex.Vx.hlsl">
      <Filter>shaders\original</Filter>
    </FxCompile>
    <FxCompile Include="..\shaders\original\ConstColor.Px.hlsl">
      <Filter>shaders\original</Filter>
    </FxCompile>
    <FxCompile Include="..\shaders\original\ConstColor.Vx.hlsl">
      <Filter>shaders\original</Filter>
    </FxCompile>
    <FxCompile Include="..\shaders\original\ConstColorLight.Px.hlsl">
      <Filter>shaders\original</Filter>
    </FxCompile>
    <FxCompile Include="..\shaders\original\ConstColorLight.Vx.hlsl">
      <Filter>shaders\original</Filter>
    </FxCompile>
    <FxCompile Include="..\shaders\original\FlatTexture.Px.hlsl">
      <Filter>shaders\original</Filter>
    </FxCompile>
    <FxCompile Include="..\shaders\original\FlatTexture.Vx.hlsl">
      <Filter>shaders\original</Filter>
    </FxCompile>
    <FxCompile Include="..\shaders\original\LightTexture.Px.hlsl">
      <Filter>shaders\original</Filter>
    </FxCompile>
    <FxCompile Include="..\shaders\original\LightTexture.Vx.hlsl">
      <Filter>shaders\original</Filter>
    </FxCompile>
    <FxCompile Include="..\shaders\original\MixerA.Cx.hlsl">
      <Filter>shaders\original</Filter>
    </FxCompile>
    <FxCompile Include="..\shaders\original\MixerB.Cx.hlsl">
      <Filter>shaders\original</Filter>
    </FxCompile>
    <FxCompile Include="..\shaders\original\MixerC.Cx.hlsl">
      <Filter>shaders\original</Filter>
    </FxCompile>
    <FxCompile Include="..\shaders\original\Null.Px.hlsl">
      <Filter>shaders\original</Filter>
    </FxCompile>
    <FxCompile Include="..\shaders\original\Null.Vx.hlsl">
      <Filter>shaders\original</Filter>
    </FxCompile>
    <FxCompile Include="..\shaders\original\SkinFlatTexture.Px.hlsl">
      <Filter>shaders\original</Filter>
    </FxCompile>
    <FxCompile Include="..\shaders\original\SkinFlatTexture.Vx.hlsl">
      <Filter>shaders\original</Filter>
    </FxCompile>
    <FxCompile Include="..\shaders\original\SkinLightTexture.Px.hlsl">
      <Filter>shaders\original</Filter>
    </FxCompile>
    <FxCompile Include="..\shaders\original\SkinLightTexture.Vx.hlsl">
      <Filter>shaders\original</Filter>
    </FxCompile>
    <FxCompile Include="..\shaders\original\Sprite.Px.hlsl">
      <Filter>shaders\original</Filter>
    </FxCompile>
    <FxCompile Include="..\shaders\original\Sprite.Vx.hlsl">
      <Filter>shaders\original</Filter>
    </FxCompile>
    <FxCompile Include="..\shaders\original\WorldA.Cx.hlsl">
      <Filter>shaders\original</Filter>
    </FxCompile>
    <FxCompile Include="..\shaders\original\WorldC.Cx.hlsl">
      <Filter>shaders\original</Filter>
    </FxCompile>
  </ItemGroup>
  <ItemGroup>
    <None Include="..\shaders\original\ShaderMappings.hlsli">
      <Filter>shaders\original</Filter>
    </None>
    <None Include="Anim_Diagram.cd">
      <Filter>src</Filter>
    </None>
    <None Include="Engine_Diagram.cd">
      <Filter>src</Filter>
    </None>
    <None Include="Game_Diagram.cd">
      <Filter>src</Filter>
    </None>
    <None Include="GraphicsObject_Diagram.cd">
      <Filter>src</Filter>
    </None>
    <None Include="Mesh_Diagram.cd">
      <Filter>src</Filter>
    </None>
  </ItemGroup>
</Project>